
Microsoft Visual Studio Solution File, Format Version 12.00
# Visual Studio Version 17
VisualStudioVersion = 17.5.33414.496
MinimumVisualStudioVersion = 10.0.40219.1
Project("{FAE04EC0-301F-11D3-BF4B-00C04F79EFBC}") = "01.Shapes", "01.Shapes\01.Shapes.csproj", "{342679F4-27D6-4F26-990A-88A8FC704011}"
EndProject
Project("{FAE04EC0-301F-11D3-BF4B-00C04F79EFBC}") = "02.Cars", "02.Cars\02.Cars.csproj", "{30FD6338-55CD-4D13-A30F-36E1C5D588DF}"
EndProject
Global
	GlobalSection(SolutionConfigurationPlatforms) = preSolution
		Debug|Any CPU = Debug|Any CPU
		Release|Any CPU = Release|Any CPU
	EndGlobalSection
	GlobalSection(ProjectConfigurationPlatforms) = postSolution
		{342679F4-27D6-4F26-990A-88A8FC704011}.Debug|Any CPU.ActiveCfg = Debug|Any CPU
		{342679F4-27D6-4F26-990A-88A8FC704011}.Debug|Any CPU.Build.0 = Debug|Any CPU
		{342679F4-27D6-4F26-990A-88A8FC704011}.Release|Any CPU.ActiveCfg = Release|Any CPU
		{342679F4-27D6-4F26-990A-88A8FC704011}.Release|Any CPU.Build.0 = Release|Any CPU
		{30FD6338-55CD-4D13-A30F-36E1C5D588DF}.Debug|Any CPU.ActiveCfg = Debug|Any CPU
		{30FD6338-55CD-4D13-A30F-36E1C5D588DF}.Debug|Any CPU.Build.0 = Debug|Any CPU
		{30FD6338-55CD-4D13-A30F-36E1C5D588DF}.Release|Any CPU.ActiveCfg = Release|Any CPU
		{30FD6338-55CD-4D13-A30F-36E1C5D588DF}.Release|Any CPU.Build.0 = Release|Any CPU
	EndGlobalSection
	GlobalSection(SolutionProperties) = preSolution
		HideSolutionNode = FALSE
	EndGlobalSection
	GlobalSection(ExtensibilityGlobals) = postSolution
		SolutionGuid = {FEC0E7C4-5CC6-439B-A9BA-03DC5DCE00FD}
	EndGlobalSection
EndGlobal
