
Microsoft Visual Studio Solution File, Format Version 12.00
# Visual Studio Version 17
VisualStudioVersion = 17.6.33815.320
MinimumVisualStudioVersion = 10.0.40219.1
Project("{9A19103F-16F7-4668-BE54-9A1E7A4F7556}") = "Two-ThreeTreeTests", "Two-ThreeTreeTests\Two-ThreeTreeTests.csproj", "{344C58A8-9767-4CE8-9605-014EC028BD15}"
EndProject
Project("{9A19103F-16F7-4668-BE54-9A1E7A4F7556}") = "Two-ThreeTree", "Two-ThreeTree\Two-ThreeTree.csproj", "{49E66967-E129-44CB-A37F-5687A5B1129F}"
EndProject
Global
	GlobalSection(SolutionConfigurationPlatforms) = preSolution
		Debug|Any CPU = Debug|Any CPU
		Release|Any CPU = Release|Any CPU
	EndGlobalSection
	GlobalSection(ProjectConfigurationPlatforms) = postSolution
		{344C58A8-9767-4CE8-9605-014EC028BD15}.Debug|Any CPU.ActiveCfg = Debug|Any CPU
		{344C58A8-9767-4CE8-9605-014EC028BD15}.Debug|Any CPU.Build.0 = Debug|Any CPU
		{344C58A8-9767-4CE8-9605-014EC028BD15}.Release|Any CPU.ActiveCfg = Release|Any CPU
		{344C58A8-9767-4CE8-9605-014EC028BD15}.Release|Any CPU.Build.0 = Release|Any CPU
		{49E66967-E129-44CB-A37F-5687A5B1129F}.Debug|Any CPU.ActiveCfg = Debug|Any CPU
		{49E66967-E129-44CB-A37F-5687A5B1129F}.Debug|Any CPU.Build.0 = Debug|Any CPU
		{49E66967-E129-44CB-A37F-5687A5B1129F}.Release|Any CPU.ActiveCfg = Release|Any CPU
		{49E66967-E129-44CB-A37F-5687A5B1129F}.Release|Any CPU.Build.0 = Release|Any CPU
	EndGlobalSection
	GlobalSection(SolutionProperties) = preSolution
		HideSolutionNode = FALSE
	EndGlobalSection
	GlobalSection(ExtensibilityGlobals) = postSolution
		SolutionGuid = {2F633490-3753-4D3C-BB03-3984455441FA}
	EndGlobalSection
EndGlobal
