
Microsoft Visual Studio Solution File, Format Version 12.00
# Visual Studio Version 17
VisualStudioVersion = 17.6.33815.320
MinimumVisualStudioVersion = 10.0.40219.1
Project("{FAE04EC0-301F-11D3-BF4B-00C04F79EFBC}") = "Two-ThreeTree", "Two-ThreeTree\Two-ThreeTree.csproj", "{6B6C09C0-68FF-44A9-A7CB-E8B1D4444E4E}"
EndProject
Project("{FAE04EC0-301F-11D3-BF4B-00C04F79EFBC}") = "Two-ThreeTreeTests", "Two-ThreeTreeTests\Two-ThreeTreeTests.csproj", "{EA99D27F-C30A-4356-A7A9-1D5631AF5CAC}"
EndProject
Global
	GlobalSection(SolutionConfigurationPlatforms) = preSolution
		Debug|Any CPU = Debug|Any CPU
		Release|Any CPU = Release|Any CPU
	EndGlobalSection
	GlobalSection(ProjectConfigurationPlatforms) = postSolution
		{6B6C09C0-68FF-44A9-A7CB-E8B1D4444E4E}.Debug|Any CPU.ActiveCfg = Debug|Any CPU
		{6B6C09C0-68FF-44A9-A7CB-E8B1D4444E4E}.Debug|Any CPU.Build.0 = Debug|Any CPU
		{6B6C09C0-68FF-44A9-A7CB-E8B1D4444E4E}.Release|Any CPU.ActiveCfg = Release|Any CPU
		{6B6C09C0-68FF-44A9-A7CB-E8B1D4444E4E}.Release|Any CPU.Build.0 = Release|Any CPU
		{EA99D27F-C30A-4356-A7A9-1D5631AF5CAC}.Debug|Any CPU.ActiveCfg = Debug|Any CPU
		{EA99D27F-C30A-4356-A7A9-1D5631AF5CAC}.Debug|Any CPU.Build.0 = Debug|Any CPU
		{EA99D27F-C30A-4356-A7A9-1D5631AF5CAC}.Release|Any CPU.ActiveCfg = Release|Any CPU
		{EA99D27F-C30A-4356-A7A9-1D5631AF5CAC}.Release|Any CPU.Build.0 = Release|Any CPU
	EndGlobalSection
	GlobalSection(SolutionProperties) = preSolution
		HideSolutionNode = FALSE
	EndGlobalSection
	GlobalSection(ExtensibilityGlobals) = postSolution
		SolutionGuid = {2F633490-3753-4D3C-BB03-3984455441FA}
	EndGlobalSection
EndGlobal
