
Microsoft Visual Studio Solution File, Format Version 12.00
# Visual Studio Version 17
VisualStudioVersion = 17.6.33815.320
MinimumVisualStudioVersion = 10.0.40219.1
Project("{2150E333-8FDC-42A3-9474-1A3956D46DE8}") = "01.List", "01.List", "{4BE40ECC-097D-420C-9613-9F177B5FB551}"
EndProject
Project("{9A19103F-16F7-4668-BE54-9A1E7A4F7556}") = "List", "List\List.csproj", "{1690F2A4-0363-4606-B5E7-8C2348CB01B1}"
EndProject
Project("{9A19103F-16F7-4668-BE54-9A1E7A4F7556}") = "ListTests", "ListTests\ListTests.csproj", "{93A16D16-94BE-4970-BC05-046DA8F740C1}"
EndProject
Project("{2150E333-8FDC-42A3-9474-1A3956D46DE8}") = "02.Stack", "02.Stack", "{2F4BBECA-1D9B-45CF-9294-9BB6442A6C31}"
EndProject
Project("{9A19103F-16F7-4668-BE54-9A1E7A4F7556}") = "Stack", "Stack\Stack.csproj", "{DA7911BD-3548-49A6-BB07-FAD4333EA583}"
EndProject
Project("{9A19103F-16F7-4668-BE54-9A1E7A4F7556}") = "StackTests", "StackTests\StackTests.csproj", "{74D8FE8B-6D8D-41AE-B4EE-7F9969931591}"
EndProject
Project("{2150E333-8FDC-42A3-9474-1A3956D46DE8}") = "03.Queue", "03.Queue", "{C94AA50C-CAF3-46A5-90B7-037A71CBC84D}"
EndProject
Project("{FAE04EC0-301F-11D3-BF4B-00C04F79EFBC}") = "Queue", "Queue\Queue.csproj", "{B4BC7B88-503B-4397-B14B-8245F3D65C5F}"
EndProject
Project("{FAE04EC0-301F-11D3-BF4B-00C04F79EFBC}") = "QueueTests", "QueueTests\QueueTests.csproj", "{4F7CE344-722E-46BC-BBC1-D16B845AFCD9}"
EndProject
Project("{2150E333-8FDC-42A3-9474-1A3956D46DE8}") = "04.SinglyLinkedList", "04.SinglyLinkedList", "{A2542700-C5BE-4FF9-9C70-E3AAAC6AEA08}"
EndProject
Project("{FAE04EC0-301F-11D3-BF4B-00C04F79EFBC}") = "SinglyLinkedList", "SinglyLinkedList\SinglyLinkedList.csproj", "{29B5694F-E034-4128-92C9-A320763E5CA7}"
EndProject
Project("{FAE04EC0-301F-11D3-BF4B-00C04F79EFBC}") = "SinglyLinkedListTests", "SinglyLinkedListTests\SinglyLinkedListTests.csproj", "{C5BAF997-F181-4D97-9581-7179B8434593}"
EndProject
Global
	GlobalSection(SolutionConfigurationPlatforms) = preSolution
		Debug|Any CPU = Debug|Any CPU
		Release|Any CPU = Release|Any CPU
	EndGlobalSection
	GlobalSection(ProjectConfigurationPlatforms) = postSolution
		{1690F2A4-0363-4606-B5E7-8C2348CB01B1}.Debug|Any CPU.ActiveCfg = Debug|Any CPU
		{1690F2A4-0363-4606-B5E7-8C2348CB01B1}.Debug|Any CPU.Build.0 = Debug|Any CPU
		{1690F2A4-0363-4606-B5E7-8C2348CB01B1}.Release|Any CPU.ActiveCfg = Release|Any CPU
		{1690F2A4-0363-4606-B5E7-8C2348CB01B1}.Release|Any CPU.Build.0 = Release|Any CPU
		{93A16D16-94BE-4970-BC05-046DA8F740C1}.Debug|Any CPU.ActiveCfg = Debug|Any CPU
		{93A16D16-94BE-4970-BC05-046DA8F740C1}.Debug|Any CPU.Build.0 = Debug|Any CPU
		{93A16D16-94BE-4970-BC05-046DA8F740C1}.Release|Any CPU.ActiveCfg = Release|Any CPU
		{93A16D16-94BE-4970-BC05-046DA8F740C1}.Release|Any CPU.Build.0 = Release|Any CPU
		{DA7911BD-3548-49A6-BB07-FAD4333EA583}.Debug|Any CPU.ActiveCfg = Debug|Any CPU
		{DA7911BD-3548-49A6-BB07-FAD4333EA583}.Debug|Any CPU.Build.0 = Debug|Any CPU
		{DA7911BD-3548-49A6-BB07-FAD4333EA583}.Release|Any CPU.ActiveCfg = Release|Any CPU
		{DA7911BD-3548-49A6-BB07-FAD4333EA583}.Release|Any CPU.Build.0 = Release|Any CPU
		{74D8FE8B-6D8D-41AE-B4EE-7F9969931591}.Debug|Any CPU.ActiveCfg = Debug|Any CPU
		{74D8FE8B-6D8D-41AE-B4EE-7F9969931591}.Debug|Any CPU.Build.0 = Debug|Any CPU
		{74D8FE8B-6D8D-41AE-B4EE-7F9969931591}.Release|Any CPU.ActiveCfg = Release|Any CPU
		{74D8FE8B-6D8D-41AE-B4EE-7F9969931591}.Release|Any CPU.Build.0 = Release|Any CPU
		{B4BC7B88-503B-4397-B14B-8245F3D65C5F}.Debug|Any CPU.ActiveCfg = Debug|Any CPU
		{B4BC7B88-503B-4397-B14B-8245F3D65C5F}.Debug|Any CPU.Build.0 = Debug|Any CPU
		{B4BC7B88-503B-4397-B14B-8245F3D65C5F}.Release|Any CPU.ActiveCfg = Release|Any CPU
		{B4BC7B88-503B-4397-B14B-8245F3D65C5F}.Release|Any CPU.Build.0 = Release|Any CPU
		{4F7CE344-722E-46BC-BBC1-D16B845AFCD9}.Debug|Any CPU.ActiveCfg = Debug|Any CPU
		{4F7CE344-722E-46BC-BBC1-D16B845AFCD9}.Debug|Any CPU.Build.0 = Debug|Any CPU
		{4F7CE344-722E-46BC-BBC1-D16B845AFCD9}.Release|Any CPU.ActiveCfg = Release|Any CPU
		{4F7CE344-722E-46BC-BBC1-D16B845AFCD9}.Release|Any CPU.Build.0 = Release|Any CPU
		{29B5694F-E034-4128-92C9-A320763E5CA7}.Debug|Any CPU.ActiveCfg = Debug|Any CPU
		{29B5694F-E034-4128-92C9-A320763E5CA7}.Debug|Any CPU.Build.0 = Debug|Any CPU
		{29B5694F-E034-4128-92C9-A320763E5CA7}.Release|Any CPU.ActiveCfg = Release|Any CPU
		{29B5694F-E034-4128-92C9-A320763E5CA7}.Release|Any CPU.Build.0 = Release|Any CPU
		{C5BAF997-F181-4D97-9581-7179B8434593}.Debug|Any CPU.ActiveCfg = Debug|Any CPU
		{C5BAF997-F181-4D97-9581-7179B8434593}.Debug|Any CPU.Build.0 = Debug|Any CPU
		{C5BAF997-F181-4D97-9581-7179B8434593}.Release|Any CPU.ActiveCfg = Release|Any CPU
		{C5BAF997-F181-4D97-9581-7179B8434593}.Release|Any CPU.Build.0 = Release|Any CPU
	EndGlobalSection
	GlobalSection(SolutionProperties) = preSolution
		HideSolutionNode = FALSE
	EndGlobalSection
	GlobalSection(NestedProjects) = preSolution
		{1690F2A4-0363-4606-B5E7-8C2348CB01B1} = {4BE40ECC-097D-420C-9613-9F177B5FB551}
		{93A16D16-94BE-4970-BC05-046DA8F740C1} = {4BE40ECC-097D-420C-9613-9F177B5FB551}
		{DA7911BD-3548-49A6-BB07-FAD4333EA583} = {2F4BBECA-1D9B-45CF-9294-9BB6442A6C31}
		{74D8FE8B-6D8D-41AE-B4EE-7F9969931591} = {2F4BBECA-1D9B-45CF-9294-9BB6442A6C31}
		{B4BC7B88-503B-4397-B14B-8245F3D65C5F} = {C94AA50C-CAF3-46A5-90B7-037A71CBC84D}
		{4F7CE344-722E-46BC-BBC1-D16B845AFCD9} = {C94AA50C-CAF3-46A5-90B7-037A71CBC84D}
		{29B5694F-E034-4128-92C9-A320763E5CA7} = {A2542700-C5BE-4FF9-9C70-E3AAAC6AEA08}
		{C5BAF997-F181-4D97-9581-7179B8434593} = {A2542700-C5BE-4FF9-9C70-E3AAAC6AEA08}
	EndGlobalSection
	GlobalSection(ExtensibilityGlobals) = postSolution
		SolutionGuid = {7E3D464F-1E2D-48AD-A5CB-E7CDD2B660A2}
	EndGlobalSection
EndGlobal
