
Microsoft Visual Studio Solution File, Format Version 12.00
# Visual Studio Version 17
VisualStudioVersion = 17.6.33815.320
MinimumVisualStudioVersion = 10.0.40219.1
Project("{9A19103F-16F7-4668-BE54-9A1E7A4F7556}") = "List", "List\List.csproj", "{09F27B82-FEFA-4CFC-9503-4E47CBC11C86}"
EndProject
Project("{9A19103F-16F7-4668-BE54-9A1E7A4F7556}") = "ListTests", "ListTests\ListTests.csproj", "{2DE221C6-014D-4BE7-B21F-2FF3313053DD}"
EndProject
Project("{2150E333-8FDC-42A3-9474-1A3956D46DE8}") = "01.List", "01.List", "{A1B6D74E-2104-45E4-861D-EA2932F0F3EA}"
EndProject
Project("{2150E333-8FDC-42A3-9474-1A3956D46DE8}") = "02.Stack", "02.Stack", "{1CC81B82-0DFB-4A9A-93BC-3EDDC746DACB}"
EndProject
Project("{9A19103F-16F7-4668-BE54-9A1E7A4F7556}") = "Stack", "Stack\Stack.csproj", "{756653C8-0CCB-46F3-A52B-706CE3551B1A}"
EndProject
Project("{9A19103F-16F7-4668-BE54-9A1E7A4F7556}") = "StackTests", "StackTests\StackTests.csproj", "{DCF56095-492D-4936-8444-E2B50C87300E}"
EndProject
Project("{2150E333-8FDC-42A3-9474-1A3956D46DE8}") = "03.Queue", "03.Queue", "{3E1CA51D-6086-4830-AC61-782B31B692A0}"
EndProject
Project("{9A19103F-16F7-4668-BE54-9A1E7A4F7556}") = "Queue", "Queue\Queue.csproj", "{C45C9B9A-950E-429A-AB38-D67FB0BCCA4D}"
EndProject
Project("{9A19103F-16F7-4668-BE54-9A1E7A4F7556}") = "QueueTests", "QueueTests\QueueTests.csproj", "{53DB9C0B-B35F-4258-B428-793AB3C4614B}"
EndProject
Project("{2150E333-8FDC-42A3-9474-1A3956D46DE8}") = "04.SingleLinkedList", "04.SingleLinkedList", "{950EB644-99AA-440A-8D1E-9001DCD1704E}"
EndProject
Project("{9A19103F-16F7-4668-BE54-9A1E7A4F7556}") = "SinglyLinkedList", "SinglyLinkedList\SinglyLinkedList.csproj", "{32A5C918-0B4D-41B4-8295-159FD6B2CBE1}"
EndProject
Project("{9A19103F-16F7-4668-BE54-9A1E7A4F7556}") = "SinglyLinkedListTests", "SinglyLinkedListTests\SinglyLinkedListTests.csproj", "{A9C67EE8-7E75-440E-B1D7-600E85CD15AC}"
EndProject
Global
	GlobalSection(SolutionConfigurationPlatforms) = preSolution
		Debug|Any CPU = Debug|Any CPU
		Release|Any CPU = Release|Any CPU
	EndGlobalSection
	GlobalSection(ProjectConfigurationPlatforms) = postSolution
		{09F27B82-FEFA-4CFC-9503-4E47CBC11C86}.Debug|Any CPU.ActiveCfg = Debug|Any CPU
		{09F27B82-FEFA-4CFC-9503-4E47CBC11C86}.Debug|Any CPU.Build.0 = Debug|Any CPU
		{09F27B82-FEFA-4CFC-9503-4E47CBC11C86}.Release|Any CPU.ActiveCfg = Release|Any CPU
		{09F27B82-FEFA-4CFC-9503-4E47CBC11C86}.Release|Any CPU.Build.0 = Release|Any CPU
		{2DE221C6-014D-4BE7-B21F-2FF3313053DD}.Debug|Any CPU.ActiveCfg = Debug|Any CPU
		{2DE221C6-014D-4BE7-B21F-2FF3313053DD}.Debug|Any CPU.Build.0 = Debug|Any CPU
		{2DE221C6-014D-4BE7-B21F-2FF3313053DD}.Release|Any CPU.ActiveCfg = Release|Any CPU
		{2DE221C6-014D-4BE7-B21F-2FF3313053DD}.Release|Any CPU.Build.0 = Release|Any CPU
		{756653C8-0CCB-46F3-A52B-706CE3551B1A}.Debug|Any CPU.ActiveCfg = Debug|Any CPU
		{756653C8-0CCB-46F3-A52B-706CE3551B1A}.Debug|Any CPU.Build.0 = Debug|Any CPU
		{756653C8-0CCB-46F3-A52B-706CE3551B1A}.Release|Any CPU.ActiveCfg = Release|Any CPU
		{756653C8-0CCB-46F3-A52B-706CE3551B1A}.Release|Any CPU.Build.0 = Release|Any CPU
		{DCF56095-492D-4936-8444-E2B50C87300E}.Debug|Any CPU.ActiveCfg = Debug|Any CPU
		{DCF56095-492D-4936-8444-E2B50C87300E}.Debug|Any CPU.Build.0 = Debug|Any CPU
		{DCF56095-492D-4936-8444-E2B50C87300E}.Release|Any CPU.ActiveCfg = Release|Any CPU
		{DCF56095-492D-4936-8444-E2B50C87300E}.Release|Any CPU.Build.0 = Release|Any CPU
		{C45C9B9A-950E-429A-AB38-D67FB0BCCA4D}.Debug|Any CPU.ActiveCfg = Debug|Any CPU
		{C45C9B9A-950E-429A-AB38-D67FB0BCCA4D}.Debug|Any CPU.Build.0 = Debug|Any CPU
		{C45C9B9A-950E-429A-AB38-D67FB0BCCA4D}.Release|Any CPU.ActiveCfg = Release|Any CPU
		{C45C9B9A-950E-429A-AB38-D67FB0BCCA4D}.Release|Any CPU.Build.0 = Release|Any CPU
		{53DB9C0B-B35F-4258-B428-793AB3C4614B}.Debug|Any CPU.ActiveCfg = Debug|Any CPU
		{53DB9C0B-B35F-4258-B428-793AB3C4614B}.Debug|Any CPU.Build.0 = Debug|Any CPU
		{53DB9C0B-B35F-4258-B428-793AB3C4614B}.Release|Any CPU.ActiveCfg = Release|Any CPU
		{53DB9C0B-B35F-4258-B428-793AB3C4614B}.Release|Any CPU.Build.0 = Release|Any CPU
		{32A5C918-0B4D-41B4-8295-159FD6B2CBE1}.Debug|Any CPU.ActiveCfg = Debug|Any CPU
		{32A5C918-0B4D-41B4-8295-159FD6B2CBE1}.Debug|Any CPU.Build.0 = Debug|Any CPU
		{32A5C918-0B4D-41B4-8295-159FD6B2CBE1}.Release|Any CPU.ActiveCfg = Release|Any CPU
		{32A5C918-0B4D-41B4-8295-159FD6B2CBE1}.Release|Any CPU.Build.0 = Release|Any CPU
		{A9C67EE8-7E75-440E-B1D7-600E85CD15AC}.Debug|Any CPU.ActiveCfg = Debug|Any CPU
		{A9C67EE8-7E75-440E-B1D7-600E85CD15AC}.Debug|Any CPU.Build.0 = Debug|Any CPU
		{A9C67EE8-7E75-440E-B1D7-600E85CD15AC}.Release|Any CPU.ActiveCfg = Release|Any CPU
		{A9C67EE8-7E75-440E-B1D7-600E85CD15AC}.Release|Any CPU.Build.0 = Release|Any CPU
	EndGlobalSection
	GlobalSection(SolutionProperties) = preSolution
		HideSolutionNode = FALSE
	EndGlobalSection
	GlobalSection(NestedProjects) = preSolution
		{09F27B82-FEFA-4CFC-9503-4E47CBC11C86} = {A1B6D74E-2104-45E4-861D-EA2932F0F3EA}
		{2DE221C6-014D-4BE7-B21F-2FF3313053DD} = {A1B6D74E-2104-45E4-861D-EA2932F0F3EA}
		{756653C8-0CCB-46F3-A52B-706CE3551B1A} = {1CC81B82-0DFB-4A9A-93BC-3EDDC746DACB}
		{DCF56095-492D-4936-8444-E2B50C87300E} = {1CC81B82-0DFB-4A9A-93BC-3EDDC746DACB}
		{C45C9B9A-950E-429A-AB38-D67FB0BCCA4D} = {3E1CA51D-6086-4830-AC61-782B31B692A0}
		{53DB9C0B-B35F-4258-B428-793AB3C4614B} = {3E1CA51D-6086-4830-AC61-782B31B692A0}
		{32A5C918-0B4D-41B4-8295-159FD6B2CBE1} = {950EB644-99AA-440A-8D1E-9001DCD1704E}
		{A9C67EE8-7E75-440E-B1D7-600E85CD15AC} = {950EB644-99AA-440A-8D1E-9001DCD1704E}
	EndGlobalSection
	GlobalSection(ExtensibilityGlobals) = postSolution
		SolutionGuid = {7E3D464F-1E2D-48AD-A5CB-E7CDD2B660A2}
	EndGlobalSection
EndGlobal
