
Microsoft Visual Studio Solution File, Format Version 12.00
# Visual Studio Version 17
VisualStudioVersion = 17.5.33414.496
MinimumVisualStudioVersion = 10.0.40219.1
Project("{FAE04EC0-301F-11D3-BF4B-00C04F79EFBC}") = "01.DefineAnInterfaceIPerson", "01.DefineAnInterfaceIPerson\01.DefineAnInterfaceIPerson.csproj", "{9A30AB6A-29FC-44BA-A331-A4A19046CF18}"
EndProject
Global
	GlobalSection(SolutionConfigurationPlatforms) = preSolution
		Debug|Any CPU = Debug|Any CPU
		Release|Any CPU = Release|Any CPU
	EndGlobalSection
	GlobalSection(ProjectConfigurationPlatforms) = postSolution
		{9A30AB6A-29FC-44BA-A331-A4A19046CF18}.Debug|Any CPU.ActiveCfg = Debug|Any CPU
		{9A30AB6A-29FC-44BA-A331-A4A19046CF18}.Debug|Any CPU.Build.0 = Debug|Any CPU
		{9A30AB6A-29FC-44BA-A331-A4A19046CF18}.Release|Any CPU.ActiveCfg = Release|Any CPU
		{9A30AB6A-29FC-44BA-A331-A4A19046CF18}.Release|Any CPU.Build.0 = Release|Any CPU
	EndGlobalSection
	GlobalSection(SolutionProperties) = preSolution
		HideSolutionNode = FALSE
	EndGlobalSection
	GlobalSection(ExtensibilityGlobals) = postSolution
		SolutionGuid = {B5246083-FDD9-4E30-8EAF-41A53C8E3D68}
	EndGlobalSection
EndGlobal
