
Microsoft Visual Studio Solution File, Format Version 12.00
# Visual Studio Version 17
VisualStudioVersion = 17.5.33414.496
MinimumVisualStudioVersion = 10.0.40219.1
Project("{9A19103F-16F7-4668-BE54-9A1E7A4F7556}") = "01.DefineAnInterfaceIPerson", "01.DefineAnInterfaceIPerson\01.DefineAnInterfaceIPerson.csproj", "{9A30AB6A-29FC-44BA-A331-A4A19046CF18}"
EndProject
Project("{9A19103F-16F7-4668-BE54-9A1E7A4F7556}") = "02.MultipleImplementation", "02.MultipleImplementation\02.MultipleImplementation.csproj", "{DCBF0EE7-3A60-41FA-B4A7-C7B6FF1C44AB}"
EndProject
Project("{9A19103F-16F7-4668-BE54-9A1E7A4F7556}") = "03.Telephony", "03.Telephony\03.Telephony.csproj", "{B4F1D964-63DC-47D2-AE8F-ACACB6F5EBF2}"
EndProject
Project("{9A19103F-16F7-4668-BE54-9A1E7A4F7556}") = "04.BorderControl", "04.BorderControl\04.BorderControl.csproj", "{9B438327-D59F-4592-B0DD-57C90751A22A}"
EndProject
Project("{9A19103F-16F7-4668-BE54-9A1E7A4F7556}") = "05.BirthdayCelebrations", "05.BirthdayCelebrations\05.BirthdayCelebrations.csproj", "{B521ADB9-2A79-4A6F-B049-9A929D115399}"
EndProject
Project("{9A19103F-16F7-4668-BE54-9A1E7A4F7556}") = "06.FoodShortage", "06.FoodShortage\06.FoodShortage.csproj", "{4538D131-9CC5-4FB9-89EC-17231B07EF88}"
EndProject
Project("{9A19103F-16F7-4668-BE54-9A1E7A4F7556}") = "07.MilitaryElite", "07.MilitaryElite\07.MilitaryElite.csproj", "{7BABE1DC-A3AA-4804-BB09-C09E5D1A87D1}"
EndProject
Project("{9A19103F-16F7-4668-BE54-9A1E7A4F7556}") = "08.CollectionHierarchy", "08.CollectionHierarchy\08.CollectionHierarchy.csproj", "{D0403E27-FFC3-464B-868C-9D66428D3895}"
EndProject
Project("{FAE04EC0-301F-11D3-BF4B-00C04F79EFBC}") = "09.ExplicitInterfaces", "09.ExplicitInterfaces\09.ExplicitInterfaces.csproj", "{006FB3D8-4042-4530-BF48-419E3B9D6DCA}"
EndProject
Global
	GlobalSection(SolutionConfigurationPlatforms) = preSolution
		Debug|Any CPU = Debug|Any CPU
		Release|Any CPU = Release|Any CPU
	EndGlobalSection
	GlobalSection(ProjectConfigurationPlatforms) = postSolution
		{9A30AB6A-29FC-44BA-A331-A4A19046CF18}.Debug|Any CPU.ActiveCfg = Debug|Any CPU
		{9A30AB6A-29FC-44BA-A331-A4A19046CF18}.Debug|Any CPU.Build.0 = Debug|Any CPU
		{9A30AB6A-29FC-44BA-A331-A4A19046CF18}.Release|Any CPU.ActiveCfg = Release|Any CPU
		{9A30AB6A-29FC-44BA-A331-A4A19046CF18}.Release|Any CPU.Build.0 = Release|Any CPU
		{DCBF0EE7-3A60-41FA-B4A7-C7B6FF1C44AB}.Debug|Any CPU.ActiveCfg = Debug|Any CPU
		{DCBF0EE7-3A60-41FA-B4A7-C7B6FF1C44AB}.Debug|Any CPU.Build.0 = Debug|Any CPU
		{DCBF0EE7-3A60-41FA-B4A7-C7B6FF1C44AB}.Release|Any CPU.ActiveCfg = Release|Any CPU
		{DCBF0EE7-3A60-41FA-B4A7-C7B6FF1C44AB}.Release|Any CPU.Build.0 = Release|Any CPU
		{B4F1D964-63DC-47D2-AE8F-ACACB6F5EBF2}.Debug|Any CPU.ActiveCfg = Debug|Any CPU
		{B4F1D964-63DC-47D2-AE8F-ACACB6F5EBF2}.Debug|Any CPU.Build.0 = Debug|Any CPU
		{B4F1D964-63DC-47D2-AE8F-ACACB6F5EBF2}.Release|Any CPU.ActiveCfg = Release|Any CPU
		{B4F1D964-63DC-47D2-AE8F-ACACB6F5EBF2}.Release|Any CPU.Build.0 = Release|Any CPU
		{9B438327-D59F-4592-B0DD-57C90751A22A}.Debug|Any CPU.ActiveCfg = Debug|Any CPU
		{9B438327-D59F-4592-B0DD-57C90751A22A}.Debug|Any CPU.Build.0 = Debug|Any CPU
		{9B438327-D59F-4592-B0DD-57C90751A22A}.Release|Any CPU.ActiveCfg = Release|Any CPU
		{9B438327-D59F-4592-B0DD-57C90751A22A}.Release|Any CPU.Build.0 = Release|Any CPU
		{B521ADB9-2A79-4A6F-B049-9A929D115399}.Debug|Any CPU.ActiveCfg = Debug|Any CPU
		{B521ADB9-2A79-4A6F-B049-9A929D115399}.Debug|Any CPU.Build.0 = Debug|Any CPU
		{B521ADB9-2A79-4A6F-B049-9A929D115399}.Release|Any CPU.ActiveCfg = Release|Any CPU
		{B521ADB9-2A79-4A6F-B049-9A929D115399}.Release|Any CPU.Build.0 = Release|Any CPU
		{4538D131-9CC5-4FB9-89EC-17231B07EF88}.Debug|Any CPU.ActiveCfg = Debug|Any CPU
		{4538D131-9CC5-4FB9-89EC-17231B07EF88}.Debug|Any CPU.Build.0 = Debug|Any CPU
		{4538D131-9CC5-4FB9-89EC-17231B07EF88}.Release|Any CPU.ActiveCfg = Release|Any CPU
		{4538D131-9CC5-4FB9-89EC-17231B07EF88}.Release|Any CPU.Build.0 = Release|Any CPU
		{7BABE1DC-A3AA-4804-BB09-C09E5D1A87D1}.Debug|Any CPU.ActiveCfg = Debug|Any CPU
		{7BABE1DC-A3AA-4804-BB09-C09E5D1A87D1}.Debug|Any CPU.Build.0 = Debug|Any CPU
		{7BABE1DC-A3AA-4804-BB09-C09E5D1A87D1}.Release|Any CPU.ActiveCfg = Release|Any CPU
		{7BABE1DC-A3AA-4804-BB09-C09E5D1A87D1}.Release|Any CPU.Build.0 = Release|Any CPU
		{D0403E27-FFC3-464B-868C-9D66428D3895}.Debug|Any CPU.ActiveCfg = Debug|Any CPU
		{D0403E27-FFC3-464B-868C-9D66428D3895}.Debug|Any CPU.Build.0 = Debug|Any CPU
		{D0403E27-FFC3-464B-868C-9D66428D3895}.Release|Any CPU.ActiveCfg = Release|Any CPU
		{D0403E27-FFC3-464B-868C-9D66428D3895}.Release|Any CPU.Build.0 = Release|Any CPU
		{006FB3D8-4042-4530-BF48-419E3B9D6DCA}.Debug|Any CPU.ActiveCfg = Debug|Any CPU
		{006FB3D8-4042-4530-BF48-419E3B9D6DCA}.Debug|Any CPU.Build.0 = Debug|Any CPU
		{006FB3D8-4042-4530-BF48-419E3B9D6DCA}.Release|Any CPU.ActiveCfg = Release|Any CPU
		{006FB3D8-4042-4530-BF48-419E3B9D6DCA}.Release|Any CPU.Build.0 = Release|Any CPU
	EndGlobalSection
	GlobalSection(SolutionProperties) = preSolution
		HideSolutionNode = FALSE
	EndGlobalSection
	GlobalSection(ExtensibilityGlobals) = postSolution
		SolutionGuid = {B5246083-FDD9-4E30-8EAF-41A53C8E3D68}
	EndGlobalSection
EndGlobal
