
Microsoft Visual Studio Solution File, Format Version 12.00
# Visual Studio Version 17
VisualStudioVersion = 17.7.34221.43
MinimumVisualStudioVersion = 10.0.40219.1
Project("{9A19103F-16F7-4668-BE54-9A1E7A4F7556}") = "Medicines", "Medicines\Medicines.csproj", "{B4A00ADC-4A61-4984-AC49-DB741C1A4CAE}"
EndProject
Global
	GlobalSection(SolutionConfigurationPlatforms) = preSolution
		Debug|Any CPU = Debug|Any CPU
		Release|Any CPU = Release|Any CPU
	EndGlobalSection
	GlobalSection(ProjectConfigurationPlatforms) = postSolution
		{B4A00ADC-4A61-4984-AC49-DB741C1A4CAE}.Debug|Any CPU.ActiveCfg = Debug|Any CPU
		{B4A00ADC-4A61-4984-AC49-DB741C1A4CAE}.Debug|Any CPU.Build.0 = Debug|Any CPU
		{B4A00ADC-4A61-4984-AC49-DB741C1A4CAE}.Release|Any CPU.ActiveCfg = Release|Any CPU
		{B4A00ADC-4A61-4984-AC49-DB741C1A4CAE}.Release|Any CPU.Build.0 = Release|Any CPU
	EndGlobalSection
	GlobalSection(SolutionProperties) = preSolution
		HideSolutionNode = FALSE
	EndGlobalSection
	GlobalSection(ExtensibilityGlobals) = postSolution
		SolutionGuid = {CDDF04FA-F525-4E8A-A496-2FF4E4FFAA18}
	EndGlobalSection
EndGlobal
