
Microsoft Visual Studio Solution File, Format Version 12.00
# Visual Studio Version 17
VisualStudioVersion = 17.5.33502.453
MinimumVisualStudioVersion = 10.0.40219.1
Project("{9A19103F-16F7-4668-BE54-9A1E7A4F7556}") = "01.Stealer", "01.Stealer\01.Stealer.csproj", "{8437A2C5-85B1-4BBC-B005-61531DD882EA}"
EndProject
Project("{FAE04EC0-301F-11D3-BF4B-00C04F79EFBC}") = "02.HighQualityMistakes", "02.HighQualityMistakes\02.HighQualityMistakes.csproj", "{023633E5-D00C-478A-8E21-8A90AEAD905E}"
EndProject
Project("{FAE04EC0-301F-11D3-BF4B-00C04F79EFBC}") = "03.MissionPrivateImpossible", "03.MissionPrivateImpossible\03.MissionPrivateImpossible.csproj", "{72F2591F-3B84-4516-ACB4-A8D4F0D01AA2}"
EndProject
Project("{FAE04EC0-301F-11D3-BF4B-00C04F79EFBC}") = "04.Collector", "04.Collector\04.Collector.csproj", "{686F7341-5049-4C05-A230-FC9DF4B35EF1}"
EndProject
Project("{FAE04EC0-301F-11D3-BF4B-00C04F79EFBC}") = "05.CreateAttribute", "05.CreateAttribute\05.CreateAttribute.csproj", "{280A3950-4CD8-4B30-B7B4-59CB20E6D97C}"
EndProject
Project("{FAE04EC0-301F-11D3-BF4B-00C04F79EFBC}") = "06.CodeTracker", "06.CodeTracker\06.CodeTracker.csproj", "{04EF8B38-5930-4A9A-9E64-FCB0500F0946}"
EndProject
Global
	GlobalSection(SolutionConfigurationPlatforms) = preSolution
		Debug|Any CPU = Debug|Any CPU
		Release|Any CPU = Release|Any CPU
	EndGlobalSection
	GlobalSection(ProjectConfigurationPlatforms) = postSolution
		{8437A2C5-85B1-4BBC-B005-61531DD882EA}.Debug|Any CPU.ActiveCfg = Debug|Any CPU
		{8437A2C5-85B1-4BBC-B005-61531DD882EA}.Debug|Any CPU.Build.0 = Debug|Any CPU
		{8437A2C5-85B1-4BBC-B005-61531DD882EA}.Release|Any CPU.ActiveCfg = Release|Any CPU
		{8437A2C5-85B1-4BBC-B005-61531DD882EA}.Release|Any CPU.Build.0 = Release|Any CPU
		{023633E5-D00C-478A-8E21-8A90AEAD905E}.Debug|Any CPU.ActiveCfg = Debug|Any CPU
		{023633E5-D00C-478A-8E21-8A90AEAD905E}.Debug|Any CPU.Build.0 = Debug|Any CPU
		{023633E5-D00C-478A-8E21-8A90AEAD905E}.Release|Any CPU.ActiveCfg = Release|Any CPU
		{023633E5-D00C-478A-8E21-8A90AEAD905E}.Release|Any CPU.Build.0 = Release|Any CPU
		{72F2591F-3B84-4516-ACB4-A8D4F0D01AA2}.Debug|Any CPU.ActiveCfg = Debug|Any CPU
		{72F2591F-3B84-4516-ACB4-A8D4F0D01AA2}.Debug|Any CPU.Build.0 = Debug|Any CPU
		{72F2591F-3B84-4516-ACB4-A8D4F0D01AA2}.Release|Any CPU.ActiveCfg = Release|Any CPU
		{72F2591F-3B84-4516-ACB4-A8D4F0D01AA2}.Release|Any CPU.Build.0 = Release|Any CPU
		{686F7341-5049-4C05-A230-FC9DF4B35EF1}.Debug|Any CPU.ActiveCfg = Debug|Any CPU
		{686F7341-5049-4C05-A230-FC9DF4B35EF1}.Debug|Any CPU.Build.0 = Debug|Any CPU
		{686F7341-5049-4C05-A230-FC9DF4B35EF1}.Release|Any CPU.ActiveCfg = Release|Any CPU
		{686F7341-5049-4C05-A230-FC9DF4B35EF1}.Release|Any CPU.Build.0 = Release|Any CPU
		{280A3950-4CD8-4B30-B7B4-59CB20E6D97C}.Debug|Any CPU.ActiveCfg = Debug|Any CPU
		{280A3950-4CD8-4B30-B7B4-59CB20E6D97C}.Debug|Any CPU.Build.0 = Debug|Any CPU
		{280A3950-4CD8-4B30-B7B4-59CB20E6D97C}.Release|Any CPU.ActiveCfg = Release|Any CPU
		{280A3950-4CD8-4B30-B7B4-59CB20E6D97C}.Release|Any CPU.Build.0 = Release|Any CPU
		{04EF8B38-5930-4A9A-9E64-FCB0500F0946}.Debug|Any CPU.ActiveCfg = Debug|Any CPU
		{04EF8B38-5930-4A9A-9E64-FCB0500F0946}.Debug|Any CPU.Build.0 = Debug|Any CPU
		{04EF8B38-5930-4A9A-9E64-FCB0500F0946}.Release|Any CPU.ActiveCfg = Release|Any CPU
		{04EF8B38-5930-4A9A-9E64-FCB0500F0946}.Release|Any CPU.Build.0 = Release|Any CPU
	EndGlobalSection
	GlobalSection(SolutionProperties) = preSolution
		HideSolutionNode = FALSE
	EndGlobalSection
	GlobalSection(ExtensibilityGlobals) = postSolution
		SolutionGuid = {ECFB6712-521E-481E-BB8C-7176418609CE}
	EndGlobalSection
EndGlobal
