
Microsoft Visual Studio Solution File, Format Version 12.00
# Visual Studio Version 17
VisualStudioVersion = 17.7.34221.43
MinimumVisualStudioVersion = 10.0.40219.1
Project("{9A19103F-16F7-4668-BE54-9A1E7A4F7556}") = "01.ImportUsers", "01.ImportUsers\01.ImportUsers.csproj", "{4EF8E942-DC49-4BE9-99CA-46780B1B50CE}"
EndProject
Project("{FAE04EC0-301F-11D3-BF4B-00C04F79EFBC}") = "02.ImportProducts", "02.ImportProducts\02.ImportProducts.csproj", "{A5D34E3D-F3D1-49BF-B943-78F050936956}"
EndProject
Project("{FAE04EC0-301F-11D3-BF4B-00C04F79EFBC}") = "03.ImportCategories", "03.ImportCategories\03.ImportCategories.csproj", "{67435BC3-0CDD-46DA-B4B1-AB40874A77DB}"
EndProject
Project("{FAE04EC0-301F-11D3-BF4B-00C04F79EFBC}") = "04.ImportCategoriesAndProducts", "04.ImportCategoriesAndProducts\04.ImportCategoriesAndProducts.csproj", "{E8B23E3A-BA6F-4118-B0BE-DD4DE325AC0F}"
EndProject
Project("{FAE04EC0-301F-11D3-BF4B-00C04F79EFBC}") = "05.ExportProductsInRange", "05.ExportProductsInRange\05.ExportProductsInRange.csproj", "{80AEE5B9-28E9-4722-8885-74E641CEDD58}"
EndProject
Project("{FAE04EC0-301F-11D3-BF4B-00C04F79EFBC}") = "06.ExportSoldProducts", "06.ExportSoldProducts\06.ExportSoldProducts.csproj", "{3161E4D2-EB97-42CC-BC2E-4ED63396B430}"
EndProject
Project("{FAE04EC0-301F-11D3-BF4B-00C04F79EFBC}") = "07.ExportCategoriesByProductsCount", "07.ExportCategoriesByProductsCount\07.ExportCategoriesByProductsCount.csproj", "{4BF4FE26-F585-4B56-B67F-AB748A7A91F3}"
EndProject
Project("{FAE04EC0-301F-11D3-BF4B-00C04F79EFBC}") = "08.ExportUsersAndProducts", "08.ExportUsersAndProducts\08.ExportUsersAndProducts.csproj", "{53CC4CC5-AA52-4B64-8312-F0B155B9C818}"
EndProject
Global
	GlobalSection(SolutionConfigurationPlatforms) = preSolution
		Debug|Any CPU = Debug|Any CPU
		Release|Any CPU = Release|Any CPU
	EndGlobalSection
	GlobalSection(ProjectConfigurationPlatforms) = postSolution
		{4EF8E942-DC49-4BE9-99CA-46780B1B50CE}.Debug|Any CPU.ActiveCfg = Debug|Any CPU
		{4EF8E942-DC49-4BE9-99CA-46780B1B50CE}.Debug|Any CPU.Build.0 = Debug|Any CPU
		{4EF8E942-DC49-4BE9-99CA-46780B1B50CE}.Release|Any CPU.ActiveCfg = Release|Any CPU
		{4EF8E942-DC49-4BE9-99CA-46780B1B50CE}.Release|Any CPU.Build.0 = Release|Any CPU
		{A5D34E3D-F3D1-49BF-B943-78F050936956}.Debug|Any CPU.ActiveCfg = Debug|Any CPU
		{A5D34E3D-F3D1-49BF-B943-78F050936956}.Debug|Any CPU.Build.0 = Debug|Any CPU
		{A5D34E3D-F3D1-49BF-B943-78F050936956}.Release|Any CPU.ActiveCfg = Release|Any CPU
		{A5D34E3D-F3D1-49BF-B943-78F050936956}.Release|Any CPU.Build.0 = Release|Any CPU
		{67435BC3-0CDD-46DA-B4B1-AB40874A77DB}.Debug|Any CPU.ActiveCfg = Debug|Any CPU
		{67435BC3-0CDD-46DA-B4B1-AB40874A77DB}.Debug|Any CPU.Build.0 = Debug|Any CPU
		{67435BC3-0CDD-46DA-B4B1-AB40874A77DB}.Release|Any CPU.ActiveCfg = Release|Any CPU
		{67435BC3-0CDD-46DA-B4B1-AB40874A77DB}.Release|Any CPU.Build.0 = Release|Any CPU
		{E8B23E3A-BA6F-4118-B0BE-DD4DE325AC0F}.Debug|Any CPU.ActiveCfg = Debug|Any CPU
		{E8B23E3A-BA6F-4118-B0BE-DD4DE325AC0F}.Debug|Any CPU.Build.0 = Debug|Any CPU
		{E8B23E3A-BA6F-4118-B0BE-DD4DE325AC0F}.Release|Any CPU.ActiveCfg = Release|Any CPU
		{E8B23E3A-BA6F-4118-B0BE-DD4DE325AC0F}.Release|Any CPU.Build.0 = Release|Any CPU
		{80AEE5B9-28E9-4722-8885-74E641CEDD58}.Debug|Any CPU.ActiveCfg = Debug|Any CPU
		{80AEE5B9-28E9-4722-8885-74E641CEDD58}.Debug|Any CPU.Build.0 = Debug|Any CPU
		{80AEE5B9-28E9-4722-8885-74E641CEDD58}.Release|Any CPU.ActiveCfg = Release|Any CPU
		{80AEE5B9-28E9-4722-8885-74E641CEDD58}.Release|Any CPU.Build.0 = Release|Any CPU
		{3161E4D2-EB97-42CC-BC2E-4ED63396B430}.Debug|Any CPU.ActiveCfg = Debug|Any CPU
		{3161E4D2-EB97-42CC-BC2E-4ED63396B430}.Debug|Any CPU.Build.0 = Debug|Any CPU
		{3161E4D2-EB97-42CC-BC2E-4ED63396B430}.Release|Any CPU.ActiveCfg = Release|Any CPU
		{3161E4D2-EB97-42CC-BC2E-4ED63396B430}.Release|Any CPU.Build.0 = Release|Any CPU
		{4BF4FE26-F585-4B56-B67F-AB748A7A91F3}.Debug|Any CPU.ActiveCfg = Debug|Any CPU
		{4BF4FE26-F585-4B56-B67F-AB748A7A91F3}.Debug|Any CPU.Build.0 = Debug|Any CPU
		{4BF4FE26-F585-4B56-B67F-AB748A7A91F3}.Release|Any CPU.ActiveCfg = Release|Any CPU
		{4BF4FE26-F585-4B56-B67F-AB748A7A91F3}.Release|Any CPU.Build.0 = Release|Any CPU
		{53CC4CC5-AA52-4B64-8312-F0B155B9C818}.Debug|Any CPU.ActiveCfg = Debug|Any CPU
		{53CC4CC5-AA52-4B64-8312-F0B155B9C818}.Debug|Any CPU.Build.0 = Debug|Any CPU
		{53CC4CC5-AA52-4B64-8312-F0B155B9C818}.Release|Any CPU.ActiveCfg = Release|Any CPU
		{53CC4CC5-AA52-4B64-8312-F0B155B9C818}.Release|Any CPU.Build.0 = Release|Any CPU
	EndGlobalSection
	GlobalSection(SolutionProperties) = preSolution
		HideSolutionNode = FALSE
	EndGlobalSection
	GlobalSection(ExtensibilityGlobals) = postSolution
		SolutionGuid = {10394F09-8930-492C-ACF0-E306ADE255FD}
	EndGlobalSection
EndGlobal
