
Microsoft Visual Studio Solution File, Format Version 12.00
# Visual Studio Version 17
VisualStudioVersion = 17.4.33213.308
MinimumVisualStudioVersion = 10.0.40219.1
Project("{FAE04EC0-301F-11D3-BF4B-00C04F79EFBC}") = "01.BasicStackOperations", "01.BasicStackOperations\01.BasicStackOperations.csproj", "{83042E27-68EE-474E-98F5-8971EAB48404}"
EndProject
Project("{FAE04EC0-301F-11D3-BF4B-00C04F79EFBC}") = "02.BasicQueueOperations", "..\02.BasicQueueOperations\02.BasicQueueOperations.csproj", "{5D793DC6-AB59-481C-804D-21768FD7085A}"
EndProject
Global
	GlobalSection(SolutionConfigurationPlatforms) = preSolution
		Debug|Any CPU = Debug|Any CPU
		Release|Any CPU = Release|Any CPU
	EndGlobalSection
	GlobalSection(ProjectConfigurationPlatforms) = postSolution
		{83042E27-68EE-474E-98F5-8971EAB48404}.Debug|Any CPU.ActiveCfg = Debug|Any CPU
		{83042E27-68EE-474E-98F5-8971EAB48404}.Debug|Any CPU.Build.0 = Debug|Any CPU
		{83042E27-68EE-474E-98F5-8971EAB48404}.Release|Any CPU.ActiveCfg = Release|Any CPU
		{83042E27-68EE-474E-98F5-8971EAB48404}.Release|Any CPU.Build.0 = Release|Any CPU
		{5D793DC6-AB59-481C-804D-21768FD7085A}.Debug|Any CPU.ActiveCfg = Debug|Any CPU
		{5D793DC6-AB59-481C-804D-21768FD7085A}.Debug|Any CPU.Build.0 = Debug|Any CPU
		{5D793DC6-AB59-481C-804D-21768FD7085A}.Release|Any CPU.ActiveCfg = Release|Any CPU
		{5D793DC6-AB59-481C-804D-21768FD7085A}.Release|Any CPU.Build.0 = Release|Any CPU
	EndGlobalSection
	GlobalSection(SolutionProperties) = preSolution
		HideSolutionNode = FALSE
	EndGlobalSection
	GlobalSection(ExtensibilityGlobals) = postSolution
		SolutionGuid = {4812918E-248D-4319-ADD8-E3A256A5DB92}
	EndGlobalSection
EndGlobal
