
Microsoft Visual Studio Solution File, Format Version 12.00
# Visual Studio Version 17
VisualStudioVersion = 17.6.33815.320
MinimumVisualStudioVersion = 10.0.40219.1
Project("{9A19103F-16F7-4668-BE54-9A1E7A4F7556}") = "02.AgeRestriction", "02.AgeRestriction\02.AgeRestriction.csproj", "{02B1DEC9-CB95-4F3C-9120-8366CEE2D42A}"
EndProject
Project("{9A19103F-16F7-4668-BE54-9A1E7A4F7556}") = "03.GoldenBooks", "03.GoldenBooks\03.GoldenBooks.csproj", "{803DA7C2-21F0-4505-B883-CF5371CEA6FF}"
EndProject
Project("{9A19103F-16F7-4668-BE54-9A1E7A4F7556}") = "04.BooksByPrice", "04.BooksByPrice\04.BooksByPrice.csproj", "{C1C5110A-A5E7-44C5-9E59-C86D53CAA143}"
EndProject
Project("{9A19103F-16F7-4668-BE54-9A1E7A4F7556}") = "05.NotReleasedIn", "05.NotReleasedIn\05.NotReleasedIn.csproj", "{F79A6823-CFCD-43B4-88EE-FC85FB6AF1C3}"
EndProject
Project("{9A19103F-16F7-4668-BE54-9A1E7A4F7556}") = "06.BookTitlesByCategory", "06.BookTitlesByCategory\06.BookTitlesByCategory.csproj", "{ADD0B11F-F775-4A67-839E-F84DCDA3A5F2}"
EndProject
Project("{9A19103F-16F7-4668-BE54-9A1E7A4F7556}") = "07.ReleasedBeforeDate", "07.ReleasedBeforeDate\07.ReleasedBeforeDate.csproj", "{8436D664-B6BC-4ACF-9322-980DF6259CFE}"
EndProject
Project("{9A19103F-16F7-4668-BE54-9A1E7A4F7556}") = "08.AuthorSearch", "08.AuthorSearch\08.AuthorSearch.csproj", "{D9AE4093-51BE-4C91-AF87-EC5B98029A8B}"
EndProject
Project("{9A19103F-16F7-4668-BE54-9A1E7A4F7556}") = "09.BookSearch", "09.BookSearch\09.BookSearch.csproj", "{D55BC8DB-2AE0-4EF4-BB74-4941BA49E84C}"
EndProject
Project("{9A19103F-16F7-4668-BE54-9A1E7A4F7556}") = "10.BookSearchByAuthor", "10.BookSearchByAuthor\10.BookSearchByAuthor.csproj", "{3D08D537-2A83-4891-8F18-17D15E5979B0}"
EndProject
Project("{FAE04EC0-301F-11D3-BF4B-00C04F79EFBC}") = "11.CountBooks", "11.CountBooks\11.CountBooks.csproj", "{C3418AB6-78E5-401B-A7C6-BC22E143BC74}"
EndProject
Project("{FAE04EC0-301F-11D3-BF4B-00C04F79EFBC}") = "12.TotalBookCopies", "12.TotalBookCopies\12.TotalBookCopies.csproj", "{E63CEDCA-AC47-48BC-8055-174FA49E7151}"
EndProject
Project("{FAE04EC0-301F-11D3-BF4B-00C04F79EFBC}") = "13.ProfitByCategory", "13.ProfitByCategory\13.ProfitByCategory.csproj", "{E6159FDE-05EE-4367-AB59-97203ECC1385}"
EndProject
Project("{FAE04EC0-301F-11D3-BF4B-00C04F79EFBC}") = "14.MostRecentBooks", "14.MostRecentBooks\14.MostRecentBooks.csproj", "{87774C33-50DB-4487-8F02-52FE47F2D8EF}"
EndProject
Project("{FAE04EC0-301F-11D3-BF4B-00C04F79EFBC}") = "15.IncreasePrices", "15.IncreasePrices\15.IncreasePrices.csproj", "{394C4022-4FB3-443F-8257-3DE72F27E97B}"
EndProject
Project("{FAE04EC0-301F-11D3-BF4B-00C04F79EFBC}") = "16.RemoveBooks", "16.RemoveBooks\16.RemoveBooks.csproj", "{6DDC5F41-01E3-428A-BDB1-C2AB13F08CF2}"
EndProject
Global
	GlobalSection(SolutionConfigurationPlatforms) = preSolution
		Debug|Any CPU = Debug|Any CPU
		Release|Any CPU = Release|Any CPU
	EndGlobalSection
	GlobalSection(ProjectConfigurationPlatforms) = postSolution
		{02B1DEC9-CB95-4F3C-9120-8366CEE2D42A}.Debug|Any CPU.ActiveCfg = Debug|Any CPU
		{02B1DEC9-CB95-4F3C-9120-8366CEE2D42A}.Debug|Any CPU.Build.0 = Debug|Any CPU
		{02B1DEC9-CB95-4F3C-9120-8366CEE2D42A}.Release|Any CPU.ActiveCfg = Release|Any CPU
		{02B1DEC9-CB95-4F3C-9120-8366CEE2D42A}.Release|Any CPU.Build.0 = Release|Any CPU
		{803DA7C2-21F0-4505-B883-CF5371CEA6FF}.Debug|Any CPU.ActiveCfg = Debug|Any CPU
		{803DA7C2-21F0-4505-B883-CF5371CEA6FF}.Debug|Any CPU.Build.0 = Debug|Any CPU
		{803DA7C2-21F0-4505-B883-CF5371CEA6FF}.Release|Any CPU.ActiveCfg = Release|Any CPU
		{803DA7C2-21F0-4505-B883-CF5371CEA6FF}.Release|Any CPU.Build.0 = Release|Any CPU
		{C1C5110A-A5E7-44C5-9E59-C86D53CAA143}.Debug|Any CPU.ActiveCfg = Debug|Any CPU
		{C1C5110A-A5E7-44C5-9E59-C86D53CAA143}.Debug|Any CPU.Build.0 = Debug|Any CPU
		{C1C5110A-A5E7-44C5-9E59-C86D53CAA143}.Release|Any CPU.ActiveCfg = Release|Any CPU
		{C1C5110A-A5E7-44C5-9E59-C86D53CAA143}.Release|Any CPU.Build.0 = Release|Any CPU
		{F79A6823-CFCD-43B4-88EE-FC85FB6AF1C3}.Debug|Any CPU.ActiveCfg = Debug|Any CPU
		{F79A6823-CFCD-43B4-88EE-FC85FB6AF1C3}.Debug|Any CPU.Build.0 = Debug|Any CPU
		{F79A6823-CFCD-43B4-88EE-FC85FB6AF1C3}.Release|Any CPU.ActiveCfg = Release|Any CPU
		{F79A6823-CFCD-43B4-88EE-FC85FB6AF1C3}.Release|Any CPU.Build.0 = Release|Any CPU
		{ADD0B11F-F775-4A67-839E-F84DCDA3A5F2}.Debug|Any CPU.ActiveCfg = Debug|Any CPU
		{ADD0B11F-F775-4A67-839E-F84DCDA3A5F2}.Debug|Any CPU.Build.0 = Debug|Any CPU
		{ADD0B11F-F775-4A67-839E-F84DCDA3A5F2}.Release|Any CPU.ActiveCfg = Release|Any CPU
		{ADD0B11F-F775-4A67-839E-F84DCDA3A5F2}.Release|Any CPU.Build.0 = Release|Any CPU
		{8436D664-B6BC-4ACF-9322-980DF6259CFE}.Debug|Any CPU.ActiveCfg = Debug|Any CPU
		{8436D664-B6BC-4ACF-9322-980DF6259CFE}.Debug|Any CPU.Build.0 = Debug|Any CPU
		{8436D664-B6BC-4ACF-9322-980DF6259CFE}.Release|Any CPU.ActiveCfg = Release|Any CPU
		{8436D664-B6BC-4ACF-9322-980DF6259CFE}.Release|Any CPU.Build.0 = Release|Any CPU
		{D9AE4093-51BE-4C91-AF87-EC5B98029A8B}.Debug|Any CPU.ActiveCfg = Debug|Any CPU
		{D9AE4093-51BE-4C91-AF87-EC5B98029A8B}.Debug|Any CPU.Build.0 = Debug|Any CPU
		{D9AE4093-51BE-4C91-AF87-EC5B98029A8B}.Release|Any CPU.ActiveCfg = Release|Any CPU
		{D9AE4093-51BE-4C91-AF87-EC5B98029A8B}.Release|Any CPU.Build.0 = Release|Any CPU
		{D55BC8DB-2AE0-4EF4-BB74-4941BA49E84C}.Debug|Any CPU.ActiveCfg = Debug|Any CPU
		{D55BC8DB-2AE0-4EF4-BB74-4941BA49E84C}.Debug|Any CPU.Build.0 = Debug|Any CPU
		{D55BC8DB-2AE0-4EF4-BB74-4941BA49E84C}.Release|Any CPU.ActiveCfg = Release|Any CPU
		{D55BC8DB-2AE0-4EF4-BB74-4941BA49E84C}.Release|Any CPU.Build.0 = Release|Any CPU
		{3D08D537-2A83-4891-8F18-17D15E5979B0}.Debug|Any CPU.ActiveCfg = Debug|Any CPU
		{3D08D537-2A83-4891-8F18-17D15E5979B0}.Debug|Any CPU.Build.0 = Debug|Any CPU
		{3D08D537-2A83-4891-8F18-17D15E5979B0}.Release|Any CPU.ActiveCfg = Release|Any CPU
		{3D08D537-2A83-4891-8F18-17D15E5979B0}.Release|Any CPU.Build.0 = Release|Any CPU
		{C3418AB6-78E5-401B-A7C6-BC22E143BC74}.Debug|Any CPU.ActiveCfg = Debug|Any CPU
		{C3418AB6-78E5-401B-A7C6-BC22E143BC74}.Debug|Any CPU.Build.0 = Debug|Any CPU
		{C3418AB6-78E5-401B-A7C6-BC22E143BC74}.Release|Any CPU.ActiveCfg = Release|Any CPU
		{C3418AB6-78E5-401B-A7C6-BC22E143BC74}.Release|Any CPU.Build.0 = Release|Any CPU
		{E63CEDCA-AC47-48BC-8055-174FA49E7151}.Debug|Any CPU.ActiveCfg = Debug|Any CPU
		{E63CEDCA-AC47-48BC-8055-174FA49E7151}.Debug|Any CPU.Build.0 = Debug|Any CPU
		{E63CEDCA-AC47-48BC-8055-174FA49E7151}.Release|Any CPU.ActiveCfg = Release|Any CPU
		{E63CEDCA-AC47-48BC-8055-174FA49E7151}.Release|Any CPU.Build.0 = Release|Any CPU
		{E6159FDE-05EE-4367-AB59-97203ECC1385}.Debug|Any CPU.ActiveCfg = Debug|Any CPU
		{E6159FDE-05EE-4367-AB59-97203ECC1385}.Debug|Any CPU.Build.0 = Debug|Any CPU
		{E6159FDE-05EE-4367-AB59-97203ECC1385}.Release|Any CPU.ActiveCfg = Release|Any CPU
		{E6159FDE-05EE-4367-AB59-97203ECC1385}.Release|Any CPU.Build.0 = Release|Any CPU
		{87774C33-50DB-4487-8F02-52FE47F2D8EF}.Debug|Any CPU.ActiveCfg = Debug|Any CPU
		{87774C33-50DB-4487-8F02-52FE47F2D8EF}.Debug|Any CPU.Build.0 = Debug|Any CPU
		{87774C33-50DB-4487-8F02-52FE47F2D8EF}.Release|Any CPU.ActiveCfg = Release|Any CPU
		{87774C33-50DB-4487-8F02-52FE47F2D8EF}.Release|Any CPU.Build.0 = Release|Any CPU
		{394C4022-4FB3-443F-8257-3DE72F27E97B}.Debug|Any CPU.ActiveCfg = Debug|Any CPU
		{394C4022-4FB3-443F-8257-3DE72F27E97B}.Debug|Any CPU.Build.0 = Debug|Any CPU
		{394C4022-4FB3-443F-8257-3DE72F27E97B}.Release|Any CPU.ActiveCfg = Release|Any CPU
		{394C4022-4FB3-443F-8257-3DE72F27E97B}.Release|Any CPU.Build.0 = Release|Any CPU
		{6DDC5F41-01E3-428A-BDB1-C2AB13F08CF2}.Debug|Any CPU.ActiveCfg = Debug|Any CPU
		{6DDC5F41-01E3-428A-BDB1-C2AB13F08CF2}.Debug|Any CPU.Build.0 = Debug|Any CPU
		{6DDC5F41-01E3-428A-BDB1-C2AB13F08CF2}.Release|Any CPU.ActiveCfg = Release|Any CPU
		{6DDC5F41-01E3-428A-BDB1-C2AB13F08CF2}.Release|Any CPU.Build.0 = Release|Any CPU
	EndGlobalSection
	GlobalSection(SolutionProperties) = preSolution
		HideSolutionNode = FALSE
	EndGlobalSection
	GlobalSection(ExtensibilityGlobals) = postSolution
		SolutionGuid = {08901300-D317-4755-BAC6-1BCEE025BA0B}
	EndGlobalSection
EndGlobal
