
Microsoft Visual Studio Solution File, Format Version 12.00
# Visual Studio Version 17
VisualStudioVersion = 17.5.33502.453
MinimumVisualStudioVersion = 10.0.40219.1
Project("{9A19103F-16F7-4668-BE54-9A1E7A4F7556}") = "SpaceStation", "SpaceStation\SpaceStation.csproj", "{F1BF900A-5209-4E06-8E2C-1D43F670C82A}"
EndProject
Project("{9A19103F-16F7-4668-BE54-9A1E7A4F7556}") = "HeroRepository", "C:\Users\vikto\Downloads\03. Unit Tests_Skeleton\HeroRepository\HeroRepository.csproj", "{5CCFB38E-C3DE-452D-B894-8124D6AB3907}"
EndProject
Project("{9A19103F-16F7-4668-BE54-9A1E7A4F7556}") = "HeroRepository.Tests", "C:\Users\vikto\Downloads\03. Unit Tests_Skeleton\HeroRepository.Tests\HeroRepository.Tests.csproj", "{D3A209CE-C764-4CD7-842A-38D6D9D8AF43}"
EndProject
Global
	GlobalSection(SolutionConfigurationPlatforms) = preSolution
		Debug|Any CPU = Debug|Any CPU
		Release|Any CPU = Release|Any CPU
	EndGlobalSection
	GlobalSection(ProjectConfigurationPlatforms) = postSolution
		{F1BF900A-5209-4E06-8E2C-1D43F670C82A}.Debug|Any CPU.ActiveCfg = Debug|Any CPU
		{F1BF900A-5209-4E06-8E2C-1D43F670C82A}.Debug|Any CPU.Build.0 = Debug|Any CPU
		{F1BF900A-5209-4E06-8E2C-1D43F670C82A}.Release|Any CPU.ActiveCfg = Release|Any CPU
		{F1BF900A-5209-4E06-8E2C-1D43F670C82A}.Release|Any CPU.Build.0 = Release|Any CPU
		{5CCFB38E-C3DE-452D-B894-8124D6AB3907}.Debug|Any CPU.ActiveCfg = Debug|Any CPU
		{5CCFB38E-C3DE-452D-B894-8124D6AB3907}.Debug|Any CPU.Build.0 = Debug|Any CPU
		{5CCFB38E-C3DE-452D-B894-8124D6AB3907}.Release|Any CPU.ActiveCfg = Release|Any CPU
		{5CCFB38E-C3DE-452D-B894-8124D6AB3907}.Release|Any CPU.Build.0 = Release|Any CPU
		{D3A209CE-C764-4CD7-842A-38D6D9D8AF43}.Debug|Any CPU.ActiveCfg = Debug|Any CPU
		{D3A209CE-C764-4CD7-842A-38D6D9D8AF43}.Debug|Any CPU.Build.0 = Debug|Any CPU
		{D3A209CE-C764-4CD7-842A-38D6D9D8AF43}.Release|Any CPU.ActiveCfg = Release|Any CPU
		{D3A209CE-C764-4CD7-842A-38D6D9D8AF43}.Release|Any CPU.Build.0 = Release|Any CPU
	EndGlobalSection
	GlobalSection(SolutionProperties) = preSolution
		HideSolutionNode = FALSE
	EndGlobalSection
	GlobalSection(ExtensibilityGlobals) = postSolution
		SolutionGuid = {B49B04A4-16A5-4988-848B-1D5110A96F91}
	EndGlobalSection
EndGlobal
