
Microsoft Visual Studio Solution File, Format Version 12.00
# Visual Studio Version 17
VisualStudioVersion = 17.4.33213.308
MinimumVisualStudioVersion = 10.0.40219.1
Project("{9A19103F-16F7-4668-BE54-9A1E7A4F7556}") = "01. ApocalypsePreparation", "01.ApocalypsePreparation\01. ApocalypsePreparation.csproj", "{AE8C8834-2437-45CD-BDB4-2567F0F2E337}"
EndProject
Project("{9A19103F-16F7-4668-BE54-9A1E7A4F7556}") = "02.BlindMan'sBuff", "02.BlindMan'sBuff\02.BlindMan'sBuff.csproj", "{1AC0CD32-DF91-434E-92C1-9B8C6E98E743}"
EndProject
Project("{9A19103F-16F7-4668-BE54-9A1E7A4F7556}") = "03.SoftUniKindergarten", "03.SoftUniKindergarten\03.SoftUniKindergarten.csproj", "{4FDBFC40-CCD7-448D-92C0-138F661F2F7D}"
EndProject
Global
	GlobalSection(SolutionConfigurationPlatforms) = preSolution
		Debug|Any CPU = Debug|Any CPU
		Release|Any CPU = Release|Any CPU
	EndGlobalSection
	GlobalSection(ProjectConfigurationPlatforms) = postSolution
		{AE8C8834-2437-45CD-BDB4-2567F0F2E337}.Debug|Any CPU.ActiveCfg = Debug|Any CPU
		{AE8C8834-2437-45CD-BDB4-2567F0F2E337}.Debug|Any CPU.Build.0 = Debug|Any CPU
		{AE8C8834-2437-45CD-BDB4-2567F0F2E337}.Release|Any CPU.ActiveCfg = Release|Any CPU
		{AE8C8834-2437-45CD-BDB4-2567F0F2E337}.Release|Any CPU.Build.0 = Release|Any CPU
		{1AC0CD32-DF91-434E-92C1-9B8C6E98E743}.Debug|Any CPU.ActiveCfg = Debug|Any CPU
		{1AC0CD32-DF91-434E-92C1-9B8C6E98E743}.Debug|Any CPU.Build.0 = Debug|Any CPU
		{1AC0CD32-DF91-434E-92C1-9B8C6E98E743}.Release|Any CPU.ActiveCfg = Release|Any CPU
		{1AC0CD32-DF91-434E-92C1-9B8C6E98E743}.Release|Any CPU.Build.0 = Release|Any CPU
		{4FDBFC40-CCD7-448D-92C0-138F661F2F7D}.Debug|Any CPU.ActiveCfg = Debug|Any CPU
		{4FDBFC40-CCD7-448D-92C0-138F661F2F7D}.Debug|Any CPU.Build.0 = Debug|Any CPU
		{4FDBFC40-CCD7-448D-92C0-138F661F2F7D}.Release|Any CPU.ActiveCfg = Release|Any CPU
		{4FDBFC40-CCD7-448D-92C0-138F661F2F7D}.Release|Any CPU.Build.0 = Release|Any CPU
	EndGlobalSection
	GlobalSection(SolutionProperties) = preSolution
		HideSolutionNode = FALSE
	EndGlobalSection
	GlobalSection(ExtensibilityGlobals) = postSolution
		SolutionGuid = {0588CBEC-C4A1-441F-B573-EBF902609E85}
	EndGlobalSection
EndGlobal
