
Microsoft Visual Studio Solution File, Format Version 12.00
# Visual Studio Version 17
VisualStudioVersion = 17.5.33414.496
MinimumVisualStudioVersion = 10.0.40219.1
Project("{9A19103F-16F7-4668-BE54-9A1E7A4F7556}") = "01.MathOperations", "01.MathOperations\01.MathOperations.csproj", "{6AA0080E-2697-4165-8C48-C37DECA5CC6F}"
EndProject
Project("{FAE04EC0-301F-11D3-BF4B-00C04F79EFBC}") = "02.Animals", "02.Animals\02.Animals.csproj", "{D222C491-87E2-4F9A-B6B5-CEEC4E8CA3E7}"
EndProject
Global
	GlobalSection(SolutionConfigurationPlatforms) = preSolution
		Debug|Any CPU = Debug|Any CPU
		Release|Any CPU = Release|Any CPU
	EndGlobalSection
	GlobalSection(ProjectConfigurationPlatforms) = postSolution
		{6AA0080E-2697-4165-8C48-C37DECA5CC6F}.Debug|Any CPU.ActiveCfg = Debug|Any CPU
		{6AA0080E-2697-4165-8C48-C37DECA5CC6F}.Debug|Any CPU.Build.0 = Debug|Any CPU
		{6AA0080E-2697-4165-8C48-C37DECA5CC6F}.Release|Any CPU.ActiveCfg = Release|Any CPU
		{6AA0080E-2697-4165-8C48-C37DECA5CC6F}.Release|Any CPU.Build.0 = Release|Any CPU
		{D222C491-87E2-4F9A-B6B5-CEEC4E8CA3E7}.Debug|Any CPU.ActiveCfg = Debug|Any CPU
		{D222C491-87E2-4F9A-B6B5-CEEC4E8CA3E7}.Debug|Any CPU.Build.0 = Debug|Any CPU
		{D222C491-87E2-4F9A-B6B5-CEEC4E8CA3E7}.Release|Any CPU.ActiveCfg = Release|Any CPU
		{D222C491-87E2-4F9A-B6B5-CEEC4E8CA3E7}.Release|Any CPU.Build.0 = Release|Any CPU
	EndGlobalSection
	GlobalSection(SolutionProperties) = preSolution
		HideSolutionNode = FALSE
	EndGlobalSection
	GlobalSection(ExtensibilityGlobals) = postSolution
		SolutionGuid = {FE79FB14-4923-440E-80D4-86977A7F92F1}
	EndGlobalSection
EndGlobal
