
Microsoft Visual Studio Solution File, Format Version 12.00
# Visual Studio Version 17
VisualStudioVersion = 17.4.33213.308
MinimumVisualStudioVersion = 10.0.40219.1
Project("{FAE04EC0-301F-11D3-BF4B-00C04F79EFBC}") = "01.Car", "01.Car\01.Car.csproj", "{ED06E56C-B06E-435C-A2D6-4F1E1A6A42AF}"
EndProject
Project("{FAE04EC0-301F-11D3-BF4B-00C04F79EFBC}") = "02.CarExtension", "02.CarExtension\02.CarExtension.csproj", "{937F71E7-76A8-4AB8-8085-838F76EAC9B7}"
EndProject
Project("{FAE04EC0-301F-11D3-BF4B-00C04F79EFBC}") = "03.CarConstructors", "03.CarConstructors\03.CarConstructors.csproj", "{15BA0ECA-FC32-4E56-84D0-166788628C4C}"
EndProject
Project("{FAE04EC0-301F-11D3-BF4B-00C04F79EFBC}") = "04.CarEngineAndTires", "04.CarEngineAndTires\04.CarEngineAndTires.csproj", "{D505D33B-574F-4F5B-B372-9BAC209AE043}"
EndProject
Project("{FAE04EC0-301F-11D3-BF4B-00C04F79EFBC}") = "05.SpecialCars", "05.SpecialCars\05.SpecialCars.csproj", "{342DA91F-077D-465B-9C62-2C1FC4743640}"
EndProject
Global
	GlobalSection(SolutionConfigurationPlatforms) = preSolution
		Debug|Any CPU = Debug|Any CPU
		Release|Any CPU = Release|Any CPU
	EndGlobalSection
	GlobalSection(ProjectConfigurationPlatforms) = postSolution
		{ED06E56C-B06E-435C-A2D6-4F1E1A6A42AF}.Debug|Any CPU.ActiveCfg = Debug|Any CPU
		{ED06E56C-B06E-435C-A2D6-4F1E1A6A42AF}.Debug|Any CPU.Build.0 = Debug|Any CPU
		{ED06E56C-B06E-435C-A2D6-4F1E1A6A42AF}.Release|Any CPU.ActiveCfg = Release|Any CPU
		{ED06E56C-B06E-435C-A2D6-4F1E1A6A42AF}.Release|Any CPU.Build.0 = Release|Any CPU
		{937F71E7-76A8-4AB8-8085-838F76EAC9B7}.Debug|Any CPU.ActiveCfg = Debug|Any CPU
		{937F71E7-76A8-4AB8-8085-838F76EAC9B7}.Debug|Any CPU.Build.0 = Debug|Any CPU
		{937F71E7-76A8-4AB8-8085-838F76EAC9B7}.Release|Any CPU.ActiveCfg = Release|Any CPU
		{937F71E7-76A8-4AB8-8085-838F76EAC9B7}.Release|Any CPU.Build.0 = Release|Any CPU
		{15BA0ECA-FC32-4E56-84D0-166788628C4C}.Debug|Any CPU.ActiveCfg = Debug|Any CPU
		{15BA0ECA-FC32-4E56-84D0-166788628C4C}.Debug|Any CPU.Build.0 = Debug|Any CPU
		{15BA0ECA-FC32-4E56-84D0-166788628C4C}.Release|Any CPU.ActiveCfg = Release|Any CPU
		{15BA0ECA-FC32-4E56-84D0-166788628C4C}.Release|Any CPU.Build.0 = Release|Any CPU
		{D505D33B-574F-4F5B-B372-9BAC209AE043}.Debug|Any CPU.ActiveCfg = Debug|Any CPU
		{D505D33B-574F-4F5B-B372-9BAC209AE043}.Debug|Any CPU.Build.0 = Debug|Any CPU
		{D505D33B-574F-4F5B-B372-9BAC209AE043}.Release|Any CPU.ActiveCfg = Release|Any CPU
		{D505D33B-574F-4F5B-B372-9BAC209AE043}.Release|Any CPU.Build.0 = Release|Any CPU
		{342DA91F-077D-465B-9C62-2C1FC4743640}.Debug|Any CPU.ActiveCfg = Debug|Any CPU
		{342DA91F-077D-465B-9C62-2C1FC4743640}.Debug|Any CPU.Build.0 = Debug|Any CPU
		{342DA91F-077D-465B-9C62-2C1FC4743640}.Release|Any CPU.ActiveCfg = Release|Any CPU
		{342DA91F-077D-465B-9C62-2C1FC4743640}.Release|Any CPU.Build.0 = Release|Any CPU
	EndGlobalSection
	GlobalSection(SolutionProperties) = preSolution
		HideSolutionNode = FALSE
	EndGlobalSection
	GlobalSection(ExtensibilityGlobals) = postSolution
		SolutionGuid = {E0F4774A-E9BB-46F7-B0A9-2837414F0151}
	EndGlobalSection
EndGlobal
