
Microsoft Visual Studio Solution File, Format Version 12.00
# Visual Studio Version 17
VisualStudioVersion = 17.5.33502.453
MinimumVisualStudioVersion = 10.0.40219.1
Project("{FAE04EC0-301F-11D3-BF4B-00C04F79EFBC}") = "01.DataTypeFinder", "01.DataTypeFinder\01.DataTypeFinder.csproj", "{DA6DE6FB-EDCD-4791-B835-6F69171456A0}"
EndProject
Global
	GlobalSection(SolutionConfigurationPlatforms) = preSolution
		Debug|Any CPU = Debug|Any CPU
		Release|Any CPU = Release|Any CPU
	EndGlobalSection
	GlobalSection(ProjectConfigurationPlatforms) = postSolution
		{DA6DE6FB-EDCD-4791-B835-6F69171456A0}.Debug|Any CPU.ActiveCfg = Debug|Any CPU
		{DA6DE6FB-EDCD-4791-B835-6F69171456A0}.Debug|Any CPU.Build.0 = Debug|Any CPU
		{DA6DE6FB-EDCD-4791-B835-6F69171456A0}.Release|Any CPU.ActiveCfg = Release|Any CPU
		{DA6DE6FB-EDCD-4791-B835-6F69171456A0}.Release|Any CPU.Build.0 = Release|Any CPU
	EndGlobalSection
	GlobalSection(SolutionProperties) = preSolution
		HideSolutionNode = FALSE
	EndGlobalSection
	GlobalSection(ExtensibilityGlobals) = postSolution
		SolutionGuid = {1C89EB53-9618-42F0-8FE4-6AF15B483BA1}
	EndGlobalSection
EndGlobal
