
Microsoft Visual Studio Solution File, Format Version 12.00
# Visual Studio Version 17
VisualStudioVersion = 17.6.33815.320
MinimumVisualStudioVersion = 10.0.40219.1
Project("{2150E333-8FDC-42A3-9474-1A3956D46DE8}") = "01.List", "01.List", "{BB12F6B5-84E7-4362-9ABF-8CC350A6101D}"
EndProject
Project("{2150E333-8FDC-42A3-9474-1A3956D46DE8}") = "02.Stack", "02.Stack", "{5C5D8C03-F8B5-486D-9C2C-01FDFF726E90}"
EndProject
Project("{2150E333-8FDC-42A3-9474-1A3956D46DE8}") = "03.Queue", "03.Queue", "{6AB0BE4E-CAE4-4116-8742-B8831B7D31CF}"
EndProject
Project("{2150E333-8FDC-42A3-9474-1A3956D46DE8}") = "04.SingleLinkedList", "04.SingleLinkedList", "{CE3A531D-8137-4E31-A57B-5B80D3FDCCA5}"
EndProject
Project("{FAE04EC0-301F-11D3-BF4B-00C04F79EFBC}") = "SingleLinkedList", "SingleLinkedList\SingleLinkedList.csproj", "{929777E5-8D4A-4424-B85C-A93C39547D83}"
EndProject
Project("{FAE04EC0-301F-11D3-BF4B-00C04F79EFBC}") = "SingleLinkedListTests", "SingleLinkedListTests\SingleLinkedListTests.csproj", "{872C5665-86BF-4F48-8588-633A42407404}"
EndProject
Project("{FAE04EC0-301F-11D3-BF4B-00C04F79EFBC}") = "List", "List\List.csproj", "{0509B6AC-A109-4133-98E2-99F1D8F60BB5}"
EndProject
Project("{FAE04EC0-301F-11D3-BF4B-00C04F79EFBC}") = "ListTests", "ListTests\ListTests.csproj", "{663648EB-C853-4A5D-9B1C-C60C79466B26}"
EndProject
Project("{FAE04EC0-301F-11D3-BF4B-00C04F79EFBC}") = "Stack", "Stack\Stack.csproj", "{BBF4D09B-F775-48C4-A61B-38C5D7E642AE}"
EndProject
Project("{FAE04EC0-301F-11D3-BF4B-00C04F79EFBC}") = "StackTests", "StackTests\StackTests.csproj", "{2B0635DB-B9F7-4B15-ACAB-E0276B30FE48}"
EndProject
Project("{FAE04EC0-301F-11D3-BF4B-00C04F79EFBC}") = "Queue", "Queue\Queue.csproj", "{CAF660C0-496E-4EF3-AF14-9367B0FCBFF8}"
EndProject
Project("{FAE04EC0-301F-11D3-BF4B-00C04F79EFBC}") = "QueueTests", "QueueTests\QueueTests.csproj", "{FDEB565E-3DC9-40C0-8E7E-FB67B5B1FA59}"
EndProject
Global
	GlobalSection(SolutionConfigurationPlatforms) = preSolution
		Debug|Any CPU = Debug|Any CPU
		Release|Any CPU = Release|Any CPU
	EndGlobalSection
	GlobalSection(ProjectConfigurationPlatforms) = postSolution
		{929777E5-8D4A-4424-B85C-A93C39547D83}.Debug|Any CPU.ActiveCfg = Debug|Any CPU
		{929777E5-8D4A-4424-B85C-A93C39547D83}.Debug|Any CPU.Build.0 = Debug|Any CPU
		{929777E5-8D4A-4424-B85C-A93C39547D83}.Release|Any CPU.ActiveCfg = Release|Any CPU
		{929777E5-8D4A-4424-B85C-A93C39547D83}.Release|Any CPU.Build.0 = Release|Any CPU
		{872C5665-86BF-4F48-8588-633A42407404}.Debug|Any CPU.ActiveCfg = Debug|Any CPU
		{872C5665-86BF-4F48-8588-633A42407404}.Debug|Any CPU.Build.0 = Debug|Any CPU
		{872C5665-86BF-4F48-8588-633A42407404}.Release|Any CPU.ActiveCfg = Release|Any CPU
		{872C5665-86BF-4F48-8588-633A42407404}.Release|Any CPU.Build.0 = Release|Any CPU
		{0509B6AC-A109-4133-98E2-99F1D8F60BB5}.Debug|Any CPU.ActiveCfg = Debug|Any CPU
		{0509B6AC-A109-4133-98E2-99F1D8F60BB5}.Debug|Any CPU.Build.0 = Debug|Any CPU
		{0509B6AC-A109-4133-98E2-99F1D8F60BB5}.Release|Any CPU.ActiveCfg = Release|Any CPU
		{0509B6AC-A109-4133-98E2-99F1D8F60BB5}.Release|Any CPU.Build.0 = Release|Any CPU
		{663648EB-C853-4A5D-9B1C-C60C79466B26}.Debug|Any CPU.ActiveCfg = Debug|Any CPU
		{663648EB-C853-4A5D-9B1C-C60C79466B26}.Debug|Any CPU.Build.0 = Debug|Any CPU
		{663648EB-C853-4A5D-9B1C-C60C79466B26}.Release|Any CPU.ActiveCfg = Release|Any CPU
		{663648EB-C853-4A5D-9B1C-C60C79466B26}.Release|Any CPU.Build.0 = Release|Any CPU
		{BBF4D09B-F775-48C4-A61B-38C5D7E642AE}.Debug|Any CPU.ActiveCfg = Debug|Any CPU
		{BBF4D09B-F775-48C4-A61B-38C5D7E642AE}.Debug|Any CPU.Build.0 = Debug|Any CPU
		{BBF4D09B-F775-48C4-A61B-38C5D7E642AE}.Release|Any CPU.ActiveCfg = Release|Any CPU
		{BBF4D09B-F775-48C4-A61B-38C5D7E642AE}.Release|Any CPU.Build.0 = Release|Any CPU
		{2B0635DB-B9F7-4B15-ACAB-E0276B30FE48}.Debug|Any CPU.ActiveCfg = Debug|Any CPU
		{2B0635DB-B9F7-4B15-ACAB-E0276B30FE48}.Debug|Any CPU.Build.0 = Debug|Any CPU
		{2B0635DB-B9F7-4B15-ACAB-E0276B30FE48}.Release|Any CPU.ActiveCfg = Release|Any CPU
		{2B0635DB-B9F7-4B15-ACAB-E0276B30FE48}.Release|Any CPU.Build.0 = Release|Any CPU
		{CAF660C0-496E-4EF3-AF14-9367B0FCBFF8}.Debug|Any CPU.ActiveCfg = Debug|Any CPU
		{CAF660C0-496E-4EF3-AF14-9367B0FCBFF8}.Debug|Any CPU.Build.0 = Debug|Any CPU
		{CAF660C0-496E-4EF3-AF14-9367B0FCBFF8}.Release|Any CPU.ActiveCfg = Release|Any CPU
		{CAF660C0-496E-4EF3-AF14-9367B0FCBFF8}.Release|Any CPU.Build.0 = Release|Any CPU
		{FDEB565E-3DC9-40C0-8E7E-FB67B5B1FA59}.Debug|Any CPU.ActiveCfg = Debug|Any CPU
		{FDEB565E-3DC9-40C0-8E7E-FB67B5B1FA59}.Debug|Any CPU.Build.0 = Debug|Any CPU
		{FDEB565E-3DC9-40C0-8E7E-FB67B5B1FA59}.Release|Any CPU.ActiveCfg = Release|Any CPU
		{FDEB565E-3DC9-40C0-8E7E-FB67B5B1FA59}.Release|Any CPU.Build.0 = Release|Any CPU
	EndGlobalSection
	GlobalSection(SolutionProperties) = preSolution
		HideSolutionNode = FALSE
	EndGlobalSection
	GlobalSection(NestedProjects) = preSolution
		{929777E5-8D4A-4424-B85C-A93C39547D83} = {CE3A531D-8137-4E31-A57B-5B80D3FDCCA5}
		{872C5665-86BF-4F48-8588-633A42407404} = {CE3A531D-8137-4E31-A57B-5B80D3FDCCA5}
		{0509B6AC-A109-4133-98E2-99F1D8F60BB5} = {BB12F6B5-84E7-4362-9ABF-8CC350A6101D}
		{663648EB-C853-4A5D-9B1C-C60C79466B26} = {BB12F6B5-84E7-4362-9ABF-8CC350A6101D}
		{BBF4D09B-F775-48C4-A61B-38C5D7E642AE} = {5C5D8C03-F8B5-486D-9C2C-01FDFF726E90}
		{2B0635DB-B9F7-4B15-ACAB-E0276B30FE48} = {5C5D8C03-F8B5-486D-9C2C-01FDFF726E90}
		{CAF660C0-496E-4EF3-AF14-9367B0FCBFF8} = {6AB0BE4E-CAE4-4116-8742-B8831B7D31CF}
		{FDEB565E-3DC9-40C0-8E7E-FB67B5B1FA59} = {6AB0BE4E-CAE4-4116-8742-B8831B7D31CF}
	EndGlobalSection
	GlobalSection(ExtensibilityGlobals) = postSolution
		SolutionGuid = {21CAB357-ABB1-477E-A8AC-D87500290278}
	EndGlobalSection
EndGlobal
