
Microsoft Visual Studio Solution File, Format Version 12.00
# Visual Studio Version 17
VisualStudioVersion = 17.8.34511.84
MinimumVisualStudioVersion = 10.0.40219.1
Project("{FAE04EC0-301F-11D3-BF4B-00C04F79EFBC}") = "ForumApp", "ForumApp\ForumApp.csproj", "{F7A68133-6F73-4C3D-9D07-602BC02C690D}"
EndProject
Global
	GlobalSection(SolutionConfigurationPlatforms) = preSolution
		Debug|Any CPU = Debug|Any CPU
		Release|Any CPU = Release|Any CPU
	EndGlobalSection
	GlobalSection(ProjectConfigurationPlatforms) = postSolution
		{F7A68133-6F73-4C3D-9D07-602BC02C690D}.Debug|Any CPU.ActiveCfg = Debug|Any CPU
		{F7A68133-6F73-4C3D-9D07-602BC02C690D}.Debug|Any CPU.Build.0 = Debug|Any CPU
		{F7A68133-6F73-4C3D-9D07-602BC02C690D}.Release|Any CPU.ActiveCfg = Release|Any CPU
		{F7A68133-6F73-4C3D-9D07-602BC02C690D}.Release|Any CPU.Build.0 = Release|Any CPU
	EndGlobalSection
	GlobalSection(SolutionProperties) = preSolution
		HideSolutionNode = FALSE
	EndGlobalSection
	GlobalSection(ExtensibilityGlobals) = postSolution
		SolutionGuid = {34C51936-DD45-44EC-BD59-11484381A7B1}
	EndGlobalSection
EndGlobal
