
Microsoft Visual Studio Solution File, Format Version 12.00
# Visual Studio Version 17
VisualStudioVersion = 17.4.33213.308
MinimumVisualStudioVersion = 10.0.40219.1
Project("{9A19103F-16F7-4668-BE54-9A1E7A4F7556}") = "01.SumMatrixElements", "01.SumMatrixElements\01.SumMatrixElements.csproj", "{229033BF-ED36-492A-93FE-BC2CB199B0BB}"
EndProject
Project("{9A19103F-16F7-4668-BE54-9A1E7A4F7556}") = "02.SumMatrixColumns", "02.SumMatrixColumns\02.SumMatrixColumns.csproj", "{A2D8003C-8665-4A0C-B996-2ACC7C8CEF7C}"
EndProject
Project("{9A19103F-16F7-4668-BE54-9A1E7A4F7556}") = "03.PrimaryDiagonal", "03.PrimaryDiagonal\03.PrimaryDiagonal.csproj", "{21C9FD4D-2D70-4740-B373-8459CB42B49E}"
EndProject
Project("{9A19103F-16F7-4668-BE54-9A1E7A4F7556}") = "04.SymbolInMatrix", "04.SymbolInMatrix\04.SymbolInMatrix.csproj", "{377946DC-1A0C-4CC4-A712-F170846C1C18}"
EndProject
Project("{9A19103F-16F7-4668-BE54-9A1E7A4F7556}") = "05.SquareWithMaximumSum", "05.SquareWithMaximumSum\05.SquareWithMaximumSum.csproj", "{BF70D782-718E-4F3F-BAC4-5C97A58866D9}"
EndProject
Project("{9A19103F-16F7-4668-BE54-9A1E7A4F7556}") = "06.Jagged-ArrayModification", "06.Jagged-ArrayModification\06.Jagged-ArrayModification.csproj", "{9BDAD463-59DB-4088-AC6C-AB63C40D625D}"
EndProject
Project("{9A19103F-16F7-4668-BE54-9A1E7A4F7556}") = "07.PascalTriangle", "07.PascalTriangle\07.PascalTriangle.csproj", "{3AE8369E-0C73-48F8-B108-B7B65A060653}"
EndProject
Global
	GlobalSection(SolutionConfigurationPlatforms) = preSolution
		Debug|Any CPU = Debug|Any CPU
		Release|Any CPU = Release|Any CPU
	EndGlobalSection
	GlobalSection(ProjectConfigurationPlatforms) = postSolution
		{229033BF-ED36-492A-93FE-BC2CB199B0BB}.Debug|Any CPU.ActiveCfg = Debug|Any CPU
		{229033BF-ED36-492A-93FE-BC2CB199B0BB}.Debug|Any CPU.Build.0 = Debug|Any CPU
		{229033BF-ED36-492A-93FE-BC2CB199B0BB}.Release|Any CPU.ActiveCfg = Release|Any CPU
		{229033BF-ED36-492A-93FE-BC2CB199B0BB}.Release|Any CPU.Build.0 = Release|Any CPU
		{A2D8003C-8665-4A0C-B996-2ACC7C8CEF7C}.Debug|Any CPU.ActiveCfg = Debug|Any CPU
		{A2D8003C-8665-4A0C-B996-2ACC7C8CEF7C}.Debug|Any CPU.Build.0 = Debug|Any CPU
		{A2D8003C-8665-4A0C-B996-2ACC7C8CEF7C}.Release|Any CPU.ActiveCfg = Release|Any CPU
		{A2D8003C-8665-4A0C-B996-2ACC7C8CEF7C}.Release|Any CPU.Build.0 = Release|Any CPU
		{21C9FD4D-2D70-4740-B373-8459CB42B49E}.Debug|Any CPU.ActiveCfg = Debug|Any CPU
		{21C9FD4D-2D70-4740-B373-8459CB42B49E}.Debug|Any CPU.Build.0 = Debug|Any CPU
		{21C9FD4D-2D70-4740-B373-8459CB42B49E}.Release|Any CPU.ActiveCfg = Release|Any CPU
		{21C9FD4D-2D70-4740-B373-8459CB42B49E}.Release|Any CPU.Build.0 = Release|Any CPU
		{377946DC-1A0C-4CC4-A712-F170846C1C18}.Debug|Any CPU.ActiveCfg = Debug|Any CPU
		{377946DC-1A0C-4CC4-A712-F170846C1C18}.Debug|Any CPU.Build.0 = Debug|Any CPU
		{377946DC-1A0C-4CC4-A712-F170846C1C18}.Release|Any CPU.ActiveCfg = Release|Any CPU
		{377946DC-1A0C-4CC4-A712-F170846C1C18}.Release|Any CPU.Build.0 = Release|Any CPU
		{BF70D782-718E-4F3F-BAC4-5C97A58866D9}.Debug|Any CPU.ActiveCfg = Debug|Any CPU
		{BF70D782-718E-4F3F-BAC4-5C97A58866D9}.Debug|Any CPU.Build.0 = Debug|Any CPU
		{BF70D782-718E-4F3F-BAC4-5C97A58866D9}.Release|Any CPU.ActiveCfg = Release|Any CPU
		{BF70D782-718E-4F3F-BAC4-5C97A58866D9}.Release|Any CPU.Build.0 = Release|Any CPU
		{9BDAD463-59DB-4088-AC6C-AB63C40D625D}.Debug|Any CPU.ActiveCfg = Debug|Any CPU
		{9BDAD463-59DB-4088-AC6C-AB63C40D625D}.Debug|Any CPU.Build.0 = Debug|Any CPU
		{9BDAD463-59DB-4088-AC6C-AB63C40D625D}.Release|Any CPU.ActiveCfg = Release|Any CPU
		{9BDAD463-59DB-4088-AC6C-AB63C40D625D}.Release|Any CPU.Build.0 = Release|Any CPU
		{3AE8369E-0C73-48F8-B108-B7B65A060653}.Debug|Any CPU.ActiveCfg = Debug|Any CPU
		{3AE8369E-0C73-48F8-B108-B7B65A060653}.Debug|Any CPU.Build.0 = Debug|Any CPU
		{3AE8369E-0C73-48F8-B108-B7B65A060653}.Release|Any CPU.ActiveCfg = Release|Any CPU
		{3AE8369E-0C73-48F8-B108-B7B65A060653}.Release|Any CPU.Build.0 = Release|Any CPU
	EndGlobalSection
	GlobalSection(SolutionProperties) = preSolution
		HideSolutionNode = FALSE
	EndGlobalSection
	GlobalSection(ExtensibilityGlobals) = postSolution
		SolutionGuid = {1FE42BC0-D770-46BC-95D0-EA7A7BEE3B93}
	EndGlobalSection
EndGlobal
