
Microsoft Visual Studio Solution File, Format Version 12.00
# Visual Studio Version 17
VisualStudioVersion = 17.4.33213.308
MinimumVisualStudioVersion = 10.0.40219.1
Project("{9A19103F-16F7-4668-BE54-9A1E7A4F7556}") = "BoxOfT", "01.Box\BoxOfT.csproj", "{4E9711BC-4463-4E61-BAED-2C0C2E8D3601}"
EndProject
Project("{9A19103F-16F7-4668-BE54-9A1E7A4F7556}") = "02.ArrayCreator", "02.ArrayCreator\02.ArrayCreator.csproj", "{E32FC00A-697C-4FEB-9410-0FF90F2685FC}"
EndProject
Project("{9A19103F-16F7-4668-BE54-9A1E7A4F7556}") = "03.GenericScale", "03.GenericScale\03.GenericScale.csproj", "{55AFA3EA-2828-4E76-A3A5-A26219E14FE9}"
EndProject
Global
	GlobalSection(SolutionConfigurationPlatforms) = preSolution
		Debug|Any CPU = Debug|Any CPU
		Release|Any CPU = Release|Any CPU
	EndGlobalSection
	GlobalSection(ProjectConfigurationPlatforms) = postSolution
		{4E9711BC-4463-4E61-BAED-2C0C2E8D3601}.Debug|Any CPU.ActiveCfg = Debug|Any CPU
		{4E9711BC-4463-4E61-BAED-2C0C2E8D3601}.Debug|Any CPU.Build.0 = Debug|Any CPU
		{4E9711BC-4463-4E61-BAED-2C0C2E8D3601}.Release|Any CPU.ActiveCfg = Release|Any CPU
		{4E9711BC-4463-4E61-BAED-2C0C2E8D3601}.Release|Any CPU.Build.0 = Release|Any CPU
		{E32FC00A-697C-4FEB-9410-0FF90F2685FC}.Debug|Any CPU.ActiveCfg = Debug|Any CPU
		{E32FC00A-697C-4FEB-9410-0FF90F2685FC}.Debug|Any CPU.Build.0 = Debug|Any CPU
		{E32FC00A-697C-4FEB-9410-0FF90F2685FC}.Release|Any CPU.ActiveCfg = Release|Any CPU
		{E32FC00A-697C-4FEB-9410-0FF90F2685FC}.Release|Any CPU.Build.0 = Release|Any CPU
		{55AFA3EA-2828-4E76-A3A5-A26219E14FE9}.Debug|Any CPU.ActiveCfg = Debug|Any CPU
		{55AFA3EA-2828-4E76-A3A5-A26219E14FE9}.Debug|Any CPU.Build.0 = Debug|Any CPU
		{55AFA3EA-2828-4E76-A3A5-A26219E14FE9}.Release|Any CPU.ActiveCfg = Release|Any CPU
		{55AFA3EA-2828-4E76-A3A5-A26219E14FE9}.Release|Any CPU.Build.0 = Release|Any CPU
	EndGlobalSection
	GlobalSection(SolutionProperties) = preSolution
		HideSolutionNode = FALSE
	EndGlobalSection
	GlobalSection(ExtensibilityGlobals) = postSolution
		SolutionGuid = {E572B969-739A-4D5D-B25E-3EC7288492AA}
	EndGlobalSection
EndGlobal
