
Microsoft Visual Studio Solution File, Format Version 12.00
# Visual Studio Version 17
VisualStudioVersion = 17.6.33815.320
MinimumVisualStudioVersion = 10.0.40219.1
Project("{FAE04EC0-301F-11D3-BF4B-00C04F79EFBC}") = "ViTube", "ViTube\ViTube.csproj", "{AA74B330-BF2D-4EE4-BC71-044795A91F8E}"
EndProject
Global
	GlobalSection(SolutionConfigurationPlatforms) = preSolution
		Debug|Any CPU = Debug|Any CPU
		Release|Any CPU = Release|Any CPU
	EndGlobalSection
	GlobalSection(ProjectConfigurationPlatforms) = postSolution
		{AA74B330-BF2D-4EE4-BC71-044795A91F8E}.Debug|Any CPU.ActiveCfg = Debug|Any CPU
		{AA74B330-BF2D-4EE4-BC71-044795A91F8E}.Debug|Any CPU.Build.0 = Debug|Any CPU
		{AA74B330-BF2D-4EE4-BC71-044795A91F8E}.Release|Any CPU.ActiveCfg = Release|Any CPU
		{AA74B330-BF2D-4EE4-BC71-044795A91F8E}.Release|Any CPU.Build.0 = Release|Any CPU
	EndGlobalSection
	GlobalSection(SolutionProperties) = preSolution
		HideSolutionNode = FALSE
	EndGlobalSection
	GlobalSection(ExtensibilityGlobals) = postSolution
		SolutionGuid = {6F8E2E9C-DFA7-4C6E-B1B1-0E539003EDA3}
	EndGlobalSection
EndGlobal
