
Microsoft Visual Studio Solution File, Format Version 12.00
# Visual Studio Version 17
VisualStudioVersion = 17.4.33122.133
MinimumVisualStudioVersion = 10.0.40219.1
Project("{FAE04EC0-301F-11D3-BF4B-00C04F79EFBC}") = "01.Train", "01.Train\01.Train.csproj", "{E7EE2FC4-C63C-446F-AF15-A1F7C307A73F}"
EndProject
Project("{FAE04EC0-301F-11D3-BF4B-00C04F79EFBC}") = "02.ChangeList", "02.ChangeList\02.ChangeList.csproj", "{2C0A2080-57FE-4CFD-9545-BBA10C1E9DF0}"
EndProject
Project("{FAE04EC0-301F-11D3-BF4B-00C04F79EFBC}") = "03.HouseParty", "03.HouseParty\03.HouseParty.csproj", "{E76C498D-E287-4B7C-87AB-F96E751842ED}"
EndProject
Project("{FAE04EC0-301F-11D3-BF4B-00C04F79EFBC}") = "04.ListOperations", "04.ListOperations\04.ListOperations.csproj", "{555D6EFD-B9D9-45F4-B6F0-6EB26E8D56E4}"
EndProject
Project("{FAE04EC0-301F-11D3-BF4B-00C04F79EFBC}") = "05.BombNumbers", "05.BombNumbers\05.BombNumbers.csproj", "{1BFBF717-B03D-4AD8-9DC7-E1B8CB6CE715}"
EndProject
Project("{FAE04EC0-301F-11D3-BF4B-00C04F79EFBC}") = "06.CardsGame", "06.CardsGame\06.CardsGame.csproj", "{B8F33C3A-CCD5-4923-96DB-8FA034E811DB}"
EndProject
Project("{FAE04EC0-301F-11D3-BF4B-00C04F79EFBC}") = "07.AppendArrays", "07.AppendArrays\07.AppendArrays.csproj", "{9636451B-6EDC-4A3F-8639-BB4603844054}"
EndProject
Global
	GlobalSection(SolutionConfigurationPlatforms) = preSolution
		Debug|Any CPU = Debug|Any CPU
		Release|Any CPU = Release|Any CPU
	EndGlobalSection
	GlobalSection(ProjectConfigurationPlatforms) = postSolution
		{E7EE2FC4-C63C-446F-AF15-A1F7C307A73F}.Debug|Any CPU.ActiveCfg = Debug|Any CPU
		{E7EE2FC4-C63C-446F-AF15-A1F7C307A73F}.Debug|Any CPU.Build.0 = Debug|Any CPU
		{E7EE2FC4-C63C-446F-AF15-A1F7C307A73F}.Release|Any CPU.ActiveCfg = Release|Any CPU
		{E7EE2FC4-C63C-446F-AF15-A1F7C307A73F}.Release|Any CPU.Build.0 = Release|Any CPU
		{2C0A2080-57FE-4CFD-9545-BBA10C1E9DF0}.Debug|Any CPU.ActiveCfg = Debug|Any CPU
		{2C0A2080-57FE-4CFD-9545-BBA10C1E9DF0}.Debug|Any CPU.Build.0 = Debug|Any CPU
		{2C0A2080-57FE-4CFD-9545-BBA10C1E9DF0}.Release|Any CPU.ActiveCfg = Release|Any CPU
		{2C0A2080-57FE-4CFD-9545-BBA10C1E9DF0}.Release|Any CPU.Build.0 = Release|Any CPU
		{E76C498D-E287-4B7C-87AB-F96E751842ED}.Debug|Any CPU.ActiveCfg = Debug|Any CPU
		{E76C498D-E287-4B7C-87AB-F96E751842ED}.Debug|Any CPU.Build.0 = Debug|Any CPU
		{E76C498D-E287-4B7C-87AB-F96E751842ED}.Release|Any CPU.ActiveCfg = Release|Any CPU
		{E76C498D-E287-4B7C-87AB-F96E751842ED}.Release|Any CPU.Build.0 = Release|Any CPU
		{555D6EFD-B9D9-45F4-B6F0-6EB26E8D56E4}.Debug|Any CPU.ActiveCfg = Debug|Any CPU
		{555D6EFD-B9D9-45F4-B6F0-6EB26E8D56E4}.Debug|Any CPU.Build.0 = Debug|Any CPU
		{555D6EFD-B9D9-45F4-B6F0-6EB26E8D56E4}.Release|Any CPU.ActiveCfg = Release|Any CPU
		{555D6EFD-B9D9-45F4-B6F0-6EB26E8D56E4}.Release|Any CPU.Build.0 = Release|Any CPU
		{1BFBF717-B03D-4AD8-9DC7-E1B8CB6CE715}.Debug|Any CPU.ActiveCfg = Debug|Any CPU
		{1BFBF717-B03D-4AD8-9DC7-E1B8CB6CE715}.Debug|Any CPU.Build.0 = Debug|Any CPU
		{1BFBF717-B03D-4AD8-9DC7-E1B8CB6CE715}.Release|Any CPU.ActiveCfg = Release|Any CPU
		{1BFBF717-B03D-4AD8-9DC7-E1B8CB6CE715}.Release|Any CPU.Build.0 = Release|Any CPU
		{B8F33C3A-CCD5-4923-96DB-8FA034E811DB}.Debug|Any CPU.ActiveCfg = Debug|Any CPU
		{B8F33C3A-CCD5-4923-96DB-8FA034E811DB}.Debug|Any CPU.Build.0 = Debug|Any CPU
		{B8F33C3A-CCD5-4923-96DB-8FA034E811DB}.Release|Any CPU.ActiveCfg = Release|Any CPU
		{B8F33C3A-CCD5-4923-96DB-8FA034E811DB}.Release|Any CPU.Build.0 = Release|Any CPU
		{9636451B-6EDC-4A3F-8639-BB4603844054}.Debug|Any CPU.ActiveCfg = Debug|Any CPU
		{9636451B-6EDC-4A3F-8639-BB4603844054}.Debug|Any CPU.Build.0 = Debug|Any CPU
		{9636451B-6EDC-4A3F-8639-BB4603844054}.Release|Any CPU.ActiveCfg = Release|Any CPU
		{9636451B-6EDC-4A3F-8639-BB4603844054}.Release|Any CPU.Build.0 = Release|Any CPU
	EndGlobalSection
	GlobalSection(SolutionProperties) = preSolution
		HideSolutionNode = FALSE
	EndGlobalSection
	GlobalSection(ExtensibilityGlobals) = postSolution
		SolutionGuid = {8A1B5E37-8A32-40A5-B453-BE58954770A6}
	EndGlobalSection
EndGlobal
