
Microsoft Visual Studio Solution File, Format Version 12.00
# Visual Studio Version 17
VisualStudioVersion = 17.5.33414.496
MinimumVisualStudioVersion = 10.0.40219.1
Project("{FAE04EC0-301F-11D3-BF4B-00C04F79EFBC}") = "01.ClassBoxData", "01.ClassBoxData\01.ClassBoxData.csproj", "{2F4270E6-F2FB-46D4-96FB-A0AD1256FAFC}"
EndProject
Global
	GlobalSection(SolutionConfigurationPlatforms) = preSolution
		Debug|Any CPU = Debug|Any CPU
		Release|Any CPU = Release|Any CPU
	EndGlobalSection
	GlobalSection(ProjectConfigurationPlatforms) = postSolution
		{2F4270E6-F2FB-46D4-96FB-A0AD1256FAFC}.Debug|Any CPU.ActiveCfg = Debug|Any CPU
		{2F4270E6-F2FB-46D4-96FB-A0AD1256FAFC}.Debug|Any CPU.Build.0 = Debug|Any CPU
		{2F4270E6-F2FB-46D4-96FB-A0AD1256FAFC}.Release|Any CPU.ActiveCfg = Release|Any CPU
		{2F4270E6-F2FB-46D4-96FB-A0AD1256FAFC}.Release|Any CPU.Build.0 = Release|Any CPU
	EndGlobalSection
	GlobalSection(SolutionProperties) = preSolution
		HideSolutionNode = FALSE
	EndGlobalSection
	GlobalSection(ExtensibilityGlobals) = postSolution
		SolutionGuid = {60E14786-2955-4E63-81D3-7E41A21CB44B}
	EndGlobalSection
EndGlobal
