
Microsoft Visual Studio Solution File, Format Version 12.00
# Visual Studio Version 17
VisualStudioVersion = 17.7.34221.43
MinimumVisualStudioVersion = 10.0.40219.1
Project("{9A19103F-16F7-4668-BE54-9A1E7A4F7556}") = "01.ImportUsers", "01.ImportUsers\01.ImportUsers.csproj", "{A0328F3F-CE64-4D64-B073-0EE7A2AAFCD6}"
EndProject
Project("{9A19103F-16F7-4668-BE54-9A1E7A4F7556}") = "02.ImportProducts", "02.ImportProducts\02.ImportProducts.csproj", "{413AAC8C-4185-40F6-834B-5E7C19D298F7}"
EndProject
Project("{9A19103F-16F7-4668-BE54-9A1E7A4F7556}") = "03.ImportCategories", "03.ImportCategories\03.ImportCategories.csproj", "{D3D192B7-EAF2-415C-B2E8-C2CB701C75F0}"
EndProject
Global
	GlobalSection(SolutionConfigurationPlatforms) = preSolution
		Debug|Any CPU = Debug|Any CPU
		Release|Any CPU = Release|Any CPU
	EndGlobalSection
	GlobalSection(ProjectConfigurationPlatforms) = postSolution
		{A0328F3F-CE64-4D64-B073-0EE7A2AAFCD6}.Debug|Any CPU.ActiveCfg = Debug|Any CPU
		{A0328F3F-CE64-4D64-B073-0EE7A2AAFCD6}.Debug|Any CPU.Build.0 = Debug|Any CPU
		{A0328F3F-CE64-4D64-B073-0EE7A2AAFCD6}.Release|Any CPU.ActiveCfg = Release|Any CPU
		{A0328F3F-CE64-4D64-B073-0EE7A2AAFCD6}.Release|Any CPU.Build.0 = Release|Any CPU
		{413AAC8C-4185-40F6-834B-5E7C19D298F7}.Debug|Any CPU.ActiveCfg = Debug|Any CPU
		{413AAC8C-4185-40F6-834B-5E7C19D298F7}.Debug|Any CPU.Build.0 = Debug|Any CPU
		{413AAC8C-4185-40F6-834B-5E7C19D298F7}.Release|Any CPU.ActiveCfg = Release|Any CPU
		{413AAC8C-4185-40F6-834B-5E7C19D298F7}.Release|Any CPU.Build.0 = Release|Any CPU
		{D3D192B7-EAF2-415C-B2E8-C2CB701C75F0}.Debug|Any CPU.ActiveCfg = Debug|Any CPU
		{D3D192B7-EAF2-415C-B2E8-C2CB701C75F0}.Debug|Any CPU.Build.0 = Debug|Any CPU
		{D3D192B7-EAF2-415C-B2E8-C2CB701C75F0}.Release|Any CPU.ActiveCfg = Release|Any CPU
		{D3D192B7-EAF2-415C-B2E8-C2CB701C75F0}.Release|Any CPU.Build.0 = Release|Any CPU
	EndGlobalSection
	GlobalSection(SolutionProperties) = preSolution
		HideSolutionNode = FALSE
	EndGlobalSection
	GlobalSection(ExtensibilityGlobals) = postSolution
		SolutionGuid = {02B1ADFB-E9AC-4CD3-A047-AF49426BE4AC}
	EndGlobalSection
EndGlobal
