
Microsoft Visual Studio Solution File, Format Version 12.00
# Visual Studio Version 17
VisualStudioVersion = 17.6.33815.320
MinimumVisualStudioVersion = 10.0.40219.1
Project("{FAE04EC0-301F-11D3-BF4B-00C04F79EFBC}") = "Tree", "Tree\Tree.csproj", "{9C60EF26-7AA8-4582-B9A8-BC396B83509B}"
EndProject
Project("{FAE04EC0-301F-11D3-BF4B-00C04F79EFBC}") = "TreeTests", "TreeTests\TreeTests.csproj", "{A722671C-46EC-4B86-9CD3-447548EAF936}"
EndProject
Global
	GlobalSection(SolutionConfigurationPlatforms) = preSolution
		Debug|Any CPU = Debug|Any CPU
		Release|Any CPU = Release|Any CPU
	EndGlobalSection
	GlobalSection(ProjectConfigurationPlatforms) = postSolution
		{9C60EF26-7AA8-4582-B9A8-BC396B83509B}.Debug|Any CPU.ActiveCfg = Debug|Any CPU
		{9C60EF26-7AA8-4582-B9A8-BC396B83509B}.Debug|Any CPU.Build.0 = Debug|Any CPU
		{9C60EF26-7AA8-4582-B9A8-BC396B83509B}.Release|Any CPU.ActiveCfg = Release|Any CPU
		{9C60EF26-7AA8-4582-B9A8-BC396B83509B}.Release|Any CPU.Build.0 = Release|Any CPU
		{A722671C-46EC-4B86-9CD3-447548EAF936}.Debug|Any CPU.ActiveCfg = Debug|Any CPU
		{A722671C-46EC-4B86-9CD3-447548EAF936}.Debug|Any CPU.Build.0 = Debug|Any CPU
		{A722671C-46EC-4B86-9CD3-447548EAF936}.Release|Any CPU.ActiveCfg = Release|Any CPU
		{A722671C-46EC-4B86-9CD3-447548EAF936}.Release|Any CPU.Build.0 = Release|Any CPU
	EndGlobalSection
	GlobalSection(SolutionProperties) = preSolution
		HideSolutionNode = FALSE
	EndGlobalSection
	GlobalSection(ExtensibilityGlobals) = postSolution
		SolutionGuid = {2BC6BA4E-BE45-4C5E-826E-18057D2AAEC2}
	EndGlobalSection
EndGlobal
