
Microsoft Visual Studio Solution File, Format Version 12.00
# Visual Studio Version 17
VisualStudioVersion = 17.4.33213.308
MinimumVisualStudioVersion = 10.0.40219.1
Project("{FAE04EC0-301F-11D3-BF4B-00C04F79EFBC}") = "01.BirthdayCelebration", "01.BirthdayCelebration\01.BirthdayCelebration.csproj", "{0EE99FA6-5835-4DD6-8AF4-FF5CD76AB1D2}"
EndProject
Project("{FAE04EC0-301F-11D3-BF4B-00C04F79EFBC}") = "02.TheBattleOfTheFiveArmies", "02.TheBattleOfTheFiveArmies\02.TheBattleOfTheFiveArmies.csproj", "{C4A2B961-312F-43AB-B093-D1AF8A96D160}"
EndProject
Project("{FAE04EC0-301F-11D3-BF4B-00C04F79EFBC}") = "03.StreetRacing", "03.StreetRacing\03.StreetRacing.csproj", "{F4DA670D-D01C-4230-8BAD-C4D727B4BBB8}"
EndProject
Global
	GlobalSection(SolutionConfigurationPlatforms) = preSolution
		Debug|Any CPU = Debug|Any CPU
		Release|Any CPU = Release|Any CPU
	EndGlobalSection
	GlobalSection(ProjectConfigurationPlatforms) = postSolution
		{0EE99FA6-5835-4DD6-8AF4-FF5CD76AB1D2}.Debug|Any CPU.ActiveCfg = Debug|Any CPU
		{0EE99FA6-5835-4DD6-8AF4-FF5CD76AB1D2}.Debug|Any CPU.Build.0 = Debug|Any CPU
		{0EE99FA6-5835-4DD6-8AF4-FF5CD76AB1D2}.Release|Any CPU.ActiveCfg = Release|Any CPU
		{0EE99FA6-5835-4DD6-8AF4-FF5CD76AB1D2}.Release|Any CPU.Build.0 = Release|Any CPU
		{C4A2B961-312F-43AB-B093-D1AF8A96D160}.Debug|Any CPU.ActiveCfg = Debug|Any CPU
		{C4A2B961-312F-43AB-B093-D1AF8A96D160}.Debug|Any CPU.Build.0 = Debug|Any CPU
		{C4A2B961-312F-43AB-B093-D1AF8A96D160}.Release|Any CPU.ActiveCfg = Release|Any CPU
		{C4A2B961-312F-43AB-B093-D1AF8A96D160}.Release|Any CPU.Build.0 = Release|Any CPU
		{F4DA670D-D01C-4230-8BAD-C4D727B4BBB8}.Debug|Any CPU.ActiveCfg = Debug|Any CPU
		{F4DA670D-D01C-4230-8BAD-C4D727B4BBB8}.Debug|Any CPU.Build.0 = Debug|Any CPU
		{F4DA670D-D01C-4230-8BAD-C4D727B4BBB8}.Release|Any CPU.ActiveCfg = Release|Any CPU
		{F4DA670D-D01C-4230-8BAD-C4D727B4BBB8}.Release|Any CPU.Build.0 = Release|Any CPU
	EndGlobalSection
	GlobalSection(SolutionProperties) = preSolution
		HideSolutionNode = FALSE
	EndGlobalSection
	GlobalSection(ExtensibilityGlobals) = postSolution
		SolutionGuid = {C00BFFB6-6BB6-4D10-ADC7-BEE87A31CB03}
	EndGlobalSection
EndGlobal
