
Microsoft Visual Studio Solution File, Format Version 12.00
# Visual Studio Version 17
VisualStudioVersion = 17.3.32929.385
MinimumVisualStudioVersion = 10.0.40219.1
Project("{FAE04EC0-301F-11D3-BF4B-00C04F79EFBC}") = "01.IntegerOperations", "01.IntegerOperations\01.IntegerOperations.csproj", "{A047DA93-6983-43C4-B660-9B645B23AD07}"
EndProject
Project("{FAE04EC0-301F-11D3-BF4B-00C04F79EFBC}") = "02.SumDigits", "02.SumDigits\02.SumDigits.csproj", "{12915483-1DC7-4E67-8874-AB2313D88EB4}"
EndProject
Project("{FAE04EC0-301F-11D3-BF4B-00C04F79EFBC}") = "03.Elevator", "03.Elevator\03.Elevator.csproj", "{8B2B3374-C0C3-4529-9D5D-D2B1641D62A4}"
EndProject
Project("{FAE04EC0-301F-11D3-BF4B-00C04F79EFBC}") = "04.SumOfChars", "04.SumOfChars\04.SumOfChars.csproj", "{A51C9F14-AC70-4D07-B4A2-4E40CFEE1A09}"
EndProject
Project("{FAE04EC0-301F-11D3-BF4B-00C04F79EFBC}") = "05.PrintPartOfASCIITable", "05.PrintPartOfASCIITable\05.PrintPartOfASCIITable.csproj", "{CDD6BF92-CC7F-47F6-9C34-A2D11DF70866}"
EndProject
Project("{FAE04EC0-301F-11D3-BF4B-00C04F79EFBC}") = "06.TriplesOfLatinLetters", "06.TriplesOfLatinLetters\06.TriplesOfLatinLetters.csproj", "{5D79A7EC-B365-40F3-8DDC-11B9D6F5B648}"
EndProject
Project("{FAE04EC0-301F-11D3-BF4B-00C04F79EFBC}") = "07.WaterOverflow", "07.WaterOverflow\07.WaterOverflow.csproj", "{38FE1032-1330-46FD-8A26-EE85F1FD5350}"
EndProject
Project("{FAE04EC0-301F-11D3-BF4B-00C04F79EFBC}") = "08.BeerKegs", "08.BeerKegs\08.BeerKegs.csproj", "{D87777B0-0DD8-4DC1-9D98-C7DB97EC8052}"
EndProject
Project("{FAE04EC0-301F-11D3-BF4B-00C04F79EFBC}") = "09.SpiceMustFlow", "09.SpiceMustFlow\09.SpiceMustFlow.csproj", "{B04887A3-D171-475C-A23B-D30A3F342C52}"
EndProject
Project("{FAE04EC0-301F-11D3-BF4B-00C04F79EFBC}") = "10.PokeMon", "10.PokeMon\10.PokeMon.csproj", "{F658AF7E-6509-48DD-8105-5B4D0CA93508}"
EndProject
Project("{FAE04EC0-301F-11D3-BF4B-00C04F79EFBC}") = "11.Snowballs", "11.Snowballs\11.Snowballs.csproj", "{E6342D09-3B39-4BB9-AEBA-5AC22E07436A}"
EndProject
Global
	GlobalSection(SolutionConfigurationPlatforms) = preSolution
		Debug|Any CPU = Debug|Any CPU
		Release|Any CPU = Release|Any CPU
	EndGlobalSection
	GlobalSection(ProjectConfigurationPlatforms) = postSolution
		{A047DA93-6983-43C4-B660-9B645B23AD07}.Debug|Any CPU.ActiveCfg = Debug|Any CPU
		{A047DA93-6983-43C4-B660-9B645B23AD07}.Debug|Any CPU.Build.0 = Debug|Any CPU
		{A047DA93-6983-43C4-B660-9B645B23AD07}.Release|Any CPU.ActiveCfg = Release|Any CPU
		{A047DA93-6983-43C4-B660-9B645B23AD07}.Release|Any CPU.Build.0 = Release|Any CPU
		{12915483-1DC7-4E67-8874-AB2313D88EB4}.Debug|Any CPU.ActiveCfg = Debug|Any CPU
		{12915483-1DC7-4E67-8874-AB2313D88EB4}.Debug|Any CPU.Build.0 = Debug|Any CPU
		{12915483-1DC7-4E67-8874-AB2313D88EB4}.Release|Any CPU.ActiveCfg = Release|Any CPU
		{12915483-1DC7-4E67-8874-AB2313D88EB4}.Release|Any CPU.Build.0 = Release|Any CPU
		{8B2B3374-C0C3-4529-9D5D-D2B1641D62A4}.Debug|Any CPU.ActiveCfg = Debug|Any CPU
		{8B2B3374-C0C3-4529-9D5D-D2B1641D62A4}.Debug|Any CPU.Build.0 = Debug|Any CPU
		{8B2B3374-C0C3-4529-9D5D-D2B1641D62A4}.Release|Any CPU.ActiveCfg = Release|Any CPU
		{8B2B3374-C0C3-4529-9D5D-D2B1641D62A4}.Release|Any CPU.Build.0 = Release|Any CPU
		{A51C9F14-AC70-4D07-B4A2-4E40CFEE1A09}.Debug|Any CPU.ActiveCfg = Debug|Any CPU
		{A51C9F14-AC70-4D07-B4A2-4E40CFEE1A09}.Debug|Any CPU.Build.0 = Debug|Any CPU
		{A51C9F14-AC70-4D07-B4A2-4E40CFEE1A09}.Release|Any CPU.ActiveCfg = Release|Any CPU
		{A51C9F14-AC70-4D07-B4A2-4E40CFEE1A09}.Release|Any CPU.Build.0 = Release|Any CPU
		{CDD6BF92-CC7F-47F6-9C34-A2D11DF70866}.Debug|Any CPU.ActiveCfg = Debug|Any CPU
		{CDD6BF92-CC7F-47F6-9C34-A2D11DF70866}.Debug|Any CPU.Build.0 = Debug|Any CPU
		{CDD6BF92-CC7F-47F6-9C34-A2D11DF70866}.Release|Any CPU.ActiveCfg = Release|Any CPU
		{CDD6BF92-CC7F-47F6-9C34-A2D11DF70866}.Release|Any CPU.Build.0 = Release|Any CPU
		{5D79A7EC-B365-40F3-8DDC-11B9D6F5B648}.Debug|Any CPU.ActiveCfg = Debug|Any CPU
		{5D79A7EC-B365-40F3-8DDC-11B9D6F5B648}.Debug|Any CPU.Build.0 = Debug|Any CPU
		{5D79A7EC-B365-40F3-8DDC-11B9D6F5B648}.Release|Any CPU.ActiveCfg = Release|Any CPU
		{5D79A7EC-B365-40F3-8DDC-11B9D6F5B648}.Release|Any CPU.Build.0 = Release|Any CPU
		{38FE1032-1330-46FD-8A26-EE85F1FD5350}.Debug|Any CPU.ActiveCfg = Debug|Any CPU
		{38FE1032-1330-46FD-8A26-EE85F1FD5350}.Debug|Any CPU.Build.0 = Debug|Any CPU
		{38FE1032-1330-46FD-8A26-EE85F1FD5350}.Release|Any CPU.ActiveCfg = Release|Any CPU
		{38FE1032-1330-46FD-8A26-EE85F1FD5350}.Release|Any CPU.Build.0 = Release|Any CPU
		{D87777B0-0DD8-4DC1-9D98-C7DB97EC8052}.Debug|Any CPU.ActiveCfg = Debug|Any CPU
		{D87777B0-0DD8-4DC1-9D98-C7DB97EC8052}.Debug|Any CPU.Build.0 = Debug|Any CPU
		{D87777B0-0DD8-4DC1-9D98-C7DB97EC8052}.Release|Any CPU.ActiveCfg = Release|Any CPU
		{D87777B0-0DD8-4DC1-9D98-C7DB97EC8052}.Release|Any CPU.Build.0 = Release|Any CPU
		{B04887A3-D171-475C-A23B-D30A3F342C52}.Debug|Any CPU.ActiveCfg = Debug|Any CPU
		{B04887A3-D171-475C-A23B-D30A3F342C52}.Debug|Any CPU.Build.0 = Debug|Any CPU
		{B04887A3-D171-475C-A23B-D30A3F342C52}.Release|Any CPU.ActiveCfg = Release|Any CPU
		{B04887A3-D171-475C-A23B-D30A3F342C52}.Release|Any CPU.Build.0 = Release|Any CPU
		{F658AF7E-6509-48DD-8105-5B4D0CA93508}.Debug|Any CPU.ActiveCfg = Debug|Any CPU
		{F658AF7E-6509-48DD-8105-5B4D0CA93508}.Debug|Any CPU.Build.0 = Debug|Any CPU
		{F658AF7E-6509-48DD-8105-5B4D0CA93508}.Release|Any CPU.ActiveCfg = Release|Any CPU
		{F658AF7E-6509-48DD-8105-5B4D0CA93508}.Release|Any CPU.Build.0 = Release|Any CPU
		{E6342D09-3B39-4BB9-AEBA-5AC22E07436A}.Debug|Any CPU.ActiveCfg = Debug|Any CPU
		{E6342D09-3B39-4BB9-AEBA-5AC22E07436A}.Debug|Any CPU.Build.0 = Debug|Any CPU
		{E6342D09-3B39-4BB9-AEBA-5AC22E07436A}.Release|Any CPU.ActiveCfg = Release|Any CPU
		{E6342D09-3B39-4BB9-AEBA-5AC22E07436A}.Release|Any CPU.Build.0 = Release|Any CPU
	EndGlobalSection
	GlobalSection(SolutionProperties) = preSolution
		HideSolutionNode = FALSE
	EndGlobalSection
	GlobalSection(ExtensibilityGlobals) = postSolution
		SolutionGuid = {1418FA2E-ABEE-4E53-9DBA-739F2CB11A64}
	EndGlobalSection
EndGlobal
