
Microsoft Visual Studio Solution File, Format Version 12.00
# Visual Studio Version 17
VisualStudioVersion = 17.5.33414.496
MinimumVisualStudioVersion = 10.0.40219.1
Project("{FAE04EC0-301F-11D3-BF4B-00C04F79EFBC}") = "01.SortNumbers", "01.SortNumbers\01.SortNumbers.csproj", "{59DF7FD4-EAC0-4A1B-93A5-736914B60EA5}"
EndProject
Global
	GlobalSection(SolutionConfigurationPlatforms) = preSolution
		Debug|Any CPU = Debug|Any CPU
		Release|Any CPU = Release|Any CPU
	EndGlobalSection
	GlobalSection(ProjectConfigurationPlatforms) = postSolution
		{59DF7FD4-EAC0-4A1B-93A5-736914B60EA5}.Debug|Any CPU.ActiveCfg = Debug|Any CPU
		{59DF7FD4-EAC0-4A1B-93A5-736914B60EA5}.Debug|Any CPU.Build.0 = Debug|Any CPU
		{59DF7FD4-EAC0-4A1B-93A5-736914B60EA5}.Release|Any CPU.ActiveCfg = Release|Any CPU
		{59DF7FD4-EAC0-4A1B-93A5-736914B60EA5}.Release|Any CPU.Build.0 = Release|Any CPU
	EndGlobalSection
	GlobalSection(SolutionProperties) = preSolution
		HideSolutionNode = FALSE
	EndGlobalSection
	GlobalSection(ExtensibilityGlobals) = postSolution
		SolutionGuid = {85D927B7-94AA-4429-AA93-4F8A31EB5D2F}
	EndGlobalSection
EndGlobal
